PODS:
  - AFNetworking (2.6.0):
    - AFNetworking/NSURLConnection (= 2.6.0)
    - AFNetworking/NSURLSession (= 2.6.0)
    - AFNetworking/Reachability (= 2.6.0)
    - AFNetworking/Security (= 2.6.0)
    - AFNetworking/Serialization (= 2.6.0)
    - AFNetworking/UIKit (= 2.6.0)
  - AFNetworking/NSURLConnection (2.6.0):
    - AFNetworking/Reachability
    - AFNetworking/Security
    - AFNetworking/Serialization
  - AFNetworking/NSURLSession (2.6.0):
    - AFNetworking/Reachability
    - AFNetworking/Security
    - AFNetworking/Serialization
  - AFNetworking/Reachability (2.6.0)
  - AFNetworking/Security (2.6.0)
  - AFNetworking/Serialization (2.6.0)
  - AFNetworking/UIKit (2.6.0):
    - AFNetworking/NSURLConnection
    - AFNetworking/NSURLSession
  - EaseMobSDKFull (2.2.0.1)
  - UMengAnalytics (3.5.16)

DEPENDENCIES:
  - AFNetworking (~> 2.0)
  - EaseMobSDKFull (from `https://github.com/easemob/sdk-ios-cocoapods-integration.git`)
  - UMengAnalytics

EXTERNAL SOURCES:
  EaseMobSDKFull:
    :git: https://github.com/easemob/sdk-ios-cocoapods-integration.git

CHECKOUT OPTIONS:
  EaseMobSDKFull:
    :commit: 838855129a53da16fc85b7c4ebf09e3e003b2a27
    :git: https://github.com/easemob/sdk-ios-cocoapods-integration.git

SPEC CHECKSUMS:
  AFNetworking: 79f7eb1a0fcfa7beb409332b2ca49afe9ce53b05
  EaseMobSDKFull: 397ac19a58d11856471d61937cbb03e6877e8cd8
  UMengAnalytics: fdf0c0a8c07d8bffc012ffa3c68e5d490af42098

COCOAPODS: 0.38.2
