// !$*UTF8*$!
{
	archiveVersion = 1;
	classes = {
	};
	objectVersion = 46;
	objects = {

/* Begin PBXBuildFile section */
		46D3FF451BCBFB630091AF67 /* HTTPClient.m in Sources */ = {isa = PBXBuildFile; fileRef = 46D3FF3F1BCBFB630091AF67 /* HTTPClient.m */; settings = {ASSET_TAGS = (); }; };
		46D3FF461BCBFB630091AF67 /* HTTPClient+Other.m in Sources */ = {isa = PBXBuildFile; fileRef = 46D3FF411BCBFB630091AF67 /* HTTPClient+Other.m */; settings = {ASSET_TAGS = (); }; };
		46D3FF471BCBFB630091AF67 /* WebAPIResponse.m in Sources */ = {isa = PBXBuildFile; fileRef = 46D3FF441BCBFB630091AF67 /* WebAPIResponse.m */; settings = {ASSET_TAGS = (); }; };
		46D3FF5B1BCBFB750091AF67 /* AFHTTPClient.m in Sources */ = {isa = PBXBuildFile; fileRef = 46D3FF491BCBFB750091AF67 /* AFHTTPClient.m */; settings = {ASSET_TAGS = (); }; };
		46D3FF631BCBFB750091AF67 /* JSONKit.m in Sources */ = {isa = PBXBuildFile; fileRef = 46D3FF5A1BCBFB750091AF67 /* JSONKit.m */; settings = {COMPILER_FLAGS = "-fno-objc-arc"; }; };
		46D3FF671BCBFCAC0091AF67 /* FMFunctions.m in Sources */ = {isa = PBXBuildFile; fileRef = 46D3FF661BCBFCAC0091AF67 /* FMFunctions.m */; settings = {ASSET_TAGS = (); }; };
		46D3FF7A1BCC03DB0091AF67 /* AFHTTPRequestOperation.m in Sources */ = {isa = PBXBuildFile; fileRef = 46D3FF6C1BCC03DB0091AF67 /* AFHTTPRequestOperation.m */; settings = {ASSET_TAGS = (); }; };
		46D3FF7B1BCC03DB0091AF67 /* AFImageRequestOperation.m in Sources */ = {isa = PBXBuildFile; fileRef = 46D3FF6E1BCC03DB0091AF67 /* AFImageRequestOperation.m */; settings = {ASSET_TAGS = (); }; };
		46D3FF7C1BCC03DB0091AF67 /* AFJSONRequestOperation.m in Sources */ = {isa = PBXBuildFile; fileRef = 46D3FF701BCC03DB0091AF67 /* AFJSONRequestOperation.m */; settings = {ASSET_TAGS = (); }; };
		46D3FF7D1BCC03DB0091AF67 /* AFNetworkActivityIndicatorManager.m in Sources */ = {isa = PBXBuildFile; fileRef = 46D3FF721BCC03DB0091AF67 /* AFNetworkActivityIndicatorManager.m */; settings = {ASSET_TAGS = (); }; };
		46D3FF7E1BCC03DB0091AF67 /* AFPropertyListRequestOperation.m in Sources */ = {isa = PBXBuildFile; fileRef = 46D3FF751BCC03DB0091AF67 /* AFPropertyListRequestOperation.m */; settings = {ASSET_TAGS = (); }; };
		46D3FF7F1BCC03DB0091AF67 /* AFURLConnectionOperation.m in Sources */ = {isa = PBXBuildFile; fileRef = 46D3FF771BCC03DB0091AF67 /* AFURLConnectionOperation.m */; settings = {ASSET_TAGS = (); }; };
		46D3FF801BCC03DB0091AF67 /* AFXMLRequestOperation.m in Sources */ = {isa = PBXBuildFile; fileRef = 46D3FF791BCC03DB0091AF67 /* AFXMLRequestOperation.m */; settings = {ASSET_TAGS = (); }; };
		4A3CD1EA1BBE311C004DD167 /* libWeChatSDK.a in Frameworks */ = {isa = PBXBuildFile; fileRef = 4A3CD1E61BBE311C004DD167 /* libWeChatSDK.a */; };
		4A3CD1EB1BBE311C004DD167 /* read_me.txt in Resources */ = {isa = PBXBuildFile; fileRef = 4A3CD1E71BBE311C004DD167 /* read_me.txt */; };
		4A3CD1F31BBE33A2004DD167 /* ApiXml.mm in Sources */ = {isa = PBXBuildFile; fileRef = 4A3CD1EE1BBE33A2004DD167 /* ApiXml.mm */; settings = {COMPILER_FLAGS = "-fno-objc-arc"; }; };
		4A3CD1F41BBE33A2004DD167 /* payRequsestHandler.mm in Sources */ = {isa = PBXBuildFile; fileRef = 4A3CD1F01BBE33A2004DD167 /* payRequsestHandler.mm */; settings = {COMPILER_FLAGS = "-fno-objc-arc"; }; };
		4A3CD1F51BBE33A2004DD167 /* WXUtil.mm in Sources */ = {isa = PBXBuildFile; fileRef = 4A3CD1F21BBE33A2004DD167 /* WXUtil.mm */; settings = {COMPILER_FLAGS = "-fno-objc-arc"; }; };
		4A3CD1F71BC8B1C0004DD167 /* Default-568h@2x.png in Resources */ = {isa = PBXBuildFile; fileRef = 4A3CD1F61BC8B1C0004DD167 /* Default-568h@2x.png */; };
		4A40DDE81BCA64B200E12DD9 /* CoreTelephony.framework in Frameworks */ = {isa = PBXBuildFile; fileRef = 4A40DDE71BCA64B200E12DD9 /* CoreTelephony.framework */; };
		4A40DDEC1BCA86F100E12DD9 /* WWPublicNavtionBar.m in Sources */ = {isa = PBXBuildFile; fileRef = 4A40DDEB1BCA86F100E12DD9 /* WWPublicNavtionBar.m */; };
		4A40DE201BCA895C00E12DD9 /* bg_grzx@2x.png in Resources */ = {isa = PBXBuildFile; fileRef = 4A40DDEE1BCA895C00E12DD9 /* bg_grzx@2x.png */; };
		4A40DE211BCA895C00E12DD9 /* bg_grzx@3x.png in Resources */ = {isa = PBXBuildFile; fileRef = 4A40DDEF1BCA895C00E12DD9 /* bg_grzx@3x.png */; };
		4A40DE221BCA895C00E12DD9 /* btn_gb_n@2x.png in Resources */ = {isa = PBXBuildFile; fileRef = 4A40DDF01BCA895C00E12DD9 /* btn_gb_n@2x.png */; };
		4A40DE231BCA895C00E12DD9 /* btn_gb_n@3x.png in Resources */ = {isa = PBXBuildFile; fileRef = 4A40DDF11BCA895C00E12DD9 /* btn_gb_n@3x.png */; };
		4A40DE241BCA895C00E12DD9 /* btn_sz_n@2x.png in Resources */ = {isa = PBXBuildFile; fileRef = 4A40DDF21BCA895C00E12DD9 /* btn_sz_n@2x.png */; };
		4A40DE251BCA895C00E12DD9 /* btn_sz_n@3x.png in Resources */ = {isa = PBXBuildFile; fileRef = 4A40DDF31BCA895C00E12DD9 /* btn_sz_n@3x.png */; };
		4A40DE261BCA895C00E12DD9 /* icon_dd@2x.png in Resources */ = {isa = PBXBuildFile; fileRef = 4A40DDF41BCA895C00E12DD9 /* icon_dd@2x.png */; };
		4A40DE271BCA895C00E12DD9 /* icon_dd@3x.png in Resources */ = {isa = PBXBuildFile; fileRef = 4A40DDF51BCA895C00E12DD9 /* icon_dd@3x.png */; };
		4A40DE281BCA895C00E12DD9 /* icon_dh@2x.png in Resources */ = {isa = PBXBuildFile; fileRef = 4A40DDF61BCA895C00E12DD9 /* icon_dh@2x.png */; };
		4A40DE291BCA895C00E12DD9 /* icon_dh@3x.png in Resources */ = {isa = PBXBuildFile; fileRef = 4A40DDF71BCA895C00E12DD9 /* icon_dh@3x.png */; };
		4A40DE2A1BCA895C00E12DD9 /* icon_logo@2x.png in Resources */ = {isa = PBXBuildFile; fileRef = 4A40DDF81BCA895C00E12DD9 /* icon_logo@2x.png */; };
		4A40DE2B1BCA895C00E12DD9 /* icon_logo@3x.png in Resources */ = {isa = PBXBuildFile; fileRef = 4A40DDF91BCA895C00E12DD9 /* icon_logo@3x.png */; };
		4A40DE2C1BCA895C00E12DD9 /* icon_sc@2x.png in Resources */ = {isa = PBXBuildFile; fileRef = 4A40DDFA1BCA895C00E12DD9 /* icon_sc@2x.png */; };
		4A40DE2D1BCA895C00E12DD9 /* icon_sc@3x.png in Resources */ = {isa = PBXBuildFile; fileRef = 4A40DDFB1BCA895C00E12DD9 /* icon_sc@3x.png */; };
		4A40DE2E1BCA895C00E12DD9 /* icon_xttz@2x.png in Resources */ = {isa = PBXBuildFile; fileRef = 4A40DDFC1BCA895C00E12DD9 /* icon_xttz@2x.png */; };
		4A40DE2F1BCA895C00E12DD9 /* icon_xttz@3x.png in Resources */ = {isa = PBXBuildFile; fileRef = 4A40DDFD1BCA895C00E12DD9 /* icon_xttz@3x.png */; };
		4A40DE301BCA895C00E12DD9 /* icon_ygh@2x.png in Resources */ = {isa = PBXBuildFile; fileRef = 4A40DDFE1BCA895C00E12DD9 /* icon_ygh@2x.png */; };
		4A40DE311BCA895C00E12DD9 /* icon_ygh@3x.png in Resources */ = {isa = PBXBuildFile; fileRef = 4A40DDFF1BCA895C00E12DD9 /* icon_ygh@3x.png */; };
		4A40DE321BCA895C00E12DD9 /* icon_yjfk@2x.png in Resources */ = {isa = PBXBuildFile; fileRef = 4A40DE001BCA895C00E12DD9 /* icon_yjfk@2x.png */; };
		4A40DE331BCA895C00E12DD9 /* icon_yjfk@3x.png in Resources */ = {isa = PBXBuildFile; fileRef = 4A40DE011BCA895C00E12DD9 /* icon_yjfk@3x.png */; };
		4A40DE341BCA895C00E12DD9 /* img_ftx@2x.png in Resources */ = {isa = PBXBuildFile; fileRef = 4A40DE021BCA895C00E12DD9 /* img_ftx@2x.png */; };
		4A40DE351BCA895C00E12DD9 /* img_ftx@3x.png in Resources */ = {isa = PBXBuildFile; fileRef = 4A40DE031BCA895C00E12DD9 /* img_ftx@3x.png */; };
		4A40DE361BCA895C00E12DD9 /* img_tx@2x.png in Resources */ = {isa = PBXBuildFile; fileRef = 4A40DE041BCA895C00E12DD9 /* img_tx@2x.png */; };
		4A40DE371BCA895C00E12DD9 /* img_tx@3x.png in Resources */ = {isa = PBXBuildFile; fileRef = 4A40DE051BCA895C00E12DD9 /* img_tx@3x.png */; };
		4A40DE381BCA895C00E12DD9 /* logo-120.png in Resources */ = {isa = PBXBuildFile; fileRef = 4A40DE081BCA895C00E12DD9 /* logo-120.png */; };
		4A40DE391BCA895C00E12DD9 /* logo-100.png in Resources */ = {isa = PBXBuildFile; fileRef = 4A40DE0A1BCA895C00E12DD9 /* logo-100.png */; };
		4A40DE3A1BCA895C00E12DD9 /* logo-144.png in Resources */ = {isa = PBXBuildFile; fileRef = 4A40DE0B1BCA895C00E12DD9 /* logo-144.png */; };
		4A40DE3B1BCA895C00E12DD9 /* logo-152.png in Resources */ = {isa = PBXBuildFile; fileRef = 4A40DE0C1BCA895C00E12DD9 /* logo-152.png */; };
		4A40DE3C1BCA895C00E12DD9 /* logo-29.png in Resources */ = {isa = PBXBuildFile; fileRef = 4A40DE0D1BCA895C00E12DD9 /* logo-29.png */; };
		4A40DE3D1BCA895C00E12DD9 /* logo-40.png in Resources */ = {isa = PBXBuildFile; fileRef = 4A40DE0E1BCA895C00E12DD9 /* logo-40.png */; };
		4A40DE3E1BCA895C00E12DD9 /* logo-50.png in Resources */ = {isa = PBXBuildFile; fileRef = 4A40DE0F1BCA895C00E12DD9 /* logo-50.png */; };
		4A40DE3F1BCA895C00E12DD9 /* logo-58.png in Resources */ = {isa = PBXBuildFile; fileRef = 4A40DE101BCA895C00E12DD9 /* logo-58.png */; };
		4A40DE401BCA895C00E12DD9 /* logo-72.png in Resources */ = {isa = PBXBuildFile; fileRef = 4A40DE111BCA895C00E12DD9 /* logo-72.png */; };
		4A40DE411BCA895C00E12DD9 /* logo-76.png in Resources */ = {isa = PBXBuildFile; fileRef = 4A40DE121BCA895C00E12DD9 /* logo-76.png */; };
		4A40DE421BCA895C00E12DD9 /* logo-80.png in Resources */ = {isa = PBXBuildFile; fileRef = 4A40DE131BCA895C00E12DD9 /* logo-80.png */; };
		4A40DE431BCA895C00E12DD9 /* logo-114.png in Resources */ = {isa = PBXBuildFile; fileRef = 4A40DE151BCA895C00E12DD9 /* logo-114.png */; };
		4A40DE441BCA895C00E12DD9 /* logo-120.png in Resources */ = {isa = PBXBuildFile; fileRef = 4A40DE161BCA895C00E12DD9 /* logo-120.png */; };
		4A40DE451BCA895C00E12DD9 /* logo-180.png in Resources */ = {isa = PBXBuildFile; fileRef = 4A40DE171BCA895C00E12DD9 /* logo-180.png */; };
		4A40DE461BCA895C00E12DD9 /* logo-29.png in Resources */ = {isa = PBXBuildFile; fileRef = 4A40DE181BCA895C00E12DD9 /* logo-29.png */; };
		4A40DE471BCA895C00E12DD9 /* logo-57.png in Resources */ = {isa = PBXBuildFile; fileRef = 4A40DE191BCA895C00E12DD9 /* logo-57.png */; };
		4A40DE481BCA895C00E12DD9 /* logo-58.png in Resources */ = {isa = PBXBuildFile; fileRef = 4A40DE1A1BCA895C00E12DD9 /* logo-58.png */; };
		4A40DE491BCA895C00E12DD9 /* logo-80.png in Resources */ = {isa = PBXBuildFile; fileRef = 4A40DE1B1BCA895C00E12DD9 /* logo-80.png */; };
		4A40DE4A1BCA895C00E12DD9 /* logo-87.png in Resources */ = {isa = PBXBuildFile; fileRef = 4A40DE1C1BCA895C00E12DD9 /* logo-87.png */; };
		4A40DE4B1BCA895C00E12DD9 /* logo-512.png in Resources */ = {isa = PBXBuildFile; fileRef = 4A40DE1E1BCA895C00E12DD9 /* logo-512.png */; };
		4A40DE4C1BCA895C00E12DD9 /* logo-1024.png in Resources */ = {isa = PBXBuildFile; fileRef = 4A40DE1F1BCA895C00E12DD9 /* logo-1024.png */; };
		4A40DE501BCA8C4200E12DD9 /* btn_zksq@2x.png in Resources */ = {isa = PBXBuildFile; fileRef = 4A40DE4E1BCA8C4200E12DD9 /* btn_zksq@2x.png */; };
		4A40DE511BCA8C4200E12DD9 /* btn_zksq@3x.png in Resources */ = {isa = PBXBuildFile; fileRef = 4A40DE4F1BCA8C4200E12DD9 /* btn_zksq@3x.png */; };
		4A40DE591BCA921800E12DD9 /* CycleScrollView.m in Sources */ = {isa = PBXBuildFile; fileRef = 4A40DE541BCA921800E12DD9 /* CycleScrollView.m */; };
		4A40DE5A1BCA921800E12DD9 /* MCPagerView.m in Sources */ = {isa = PBXBuildFile; fileRef = 4A40DE561BCA921800E12DD9 /* MCPagerView.m */; };
		4A40DE5B1BCA921800E12DD9 /* NSTimer+Addition.m in Sources */ = {isa = PBXBuildFile; fileRef = 4A40DE581BCA921800E12DD9 /* NSTimer+Addition.m */; };
		4A40DE5E1BCA928E00E12DD9 /* HomePageView.m in Sources */ = {isa = PBXBuildFile; fileRef = 4A40DE5D1BCA928E00E12DD9 /* HomePageView.m */; };
		4A40E0431BCCA10400E12DD9 /* libsqlite3.tbd in Frameworks */ = {isa = PBXBuildFile; fileRef = 4A40E0421BCCA10400E12DD9 /* libsqlite3.tbd */; };
		4A40E0461BCCA52300E12DD9 /* PBMsg@2x.png in Resources */ = {isa = PBXBuildFile; fileRef = 4A40E0441BCCA52300E12DD9 /* PBMsg@2x.png */; settings = {ASSET_TAGS = (); }; };
		4A40E0471BCCA52300E12DD9 /* PBMsg@3x.png in Resources */ = {isa = PBXBuildFile; fileRef = 4A40E0451BCCA52300E12DD9 /* PBMsg@3x.png */; settings = {ASSET_TAGS = (); }; };
		4AD21AE71BA0250100B4BDDC /* LaunchScreen.xib in Resources */ = {isa = PBXBuildFile; fileRef = 4AD21AE21BA0250100B4BDDC /* LaunchScreen.xib */; };
		4AD21AE81BA0250100B4BDDC /* Images.xcassets in Resources */ = {isa = PBXBuildFile; fileRef = 4AD21AE41BA0250100B4BDDC /* Images.xcassets */; };
		4AD21AEA1BA0250100B4BDDC /* main.m in Sources */ = {isa = PBXBuildFile; fileRef = 4AD21AE61BA0250100B4BDDC /* main.m */; };
		4AD21AF21BA025DD00B4BDDC /* WWHomePageViewController.m in Sources */ = {isa = PBXBuildFile; fileRef = 4AD21AF11BA025DD00B4BDDC /* WWHomePageViewController.m */; };
		4AD21AFC1BA028B700B4BDDC /* AppDelegate.mm in Sources */ = {isa = PBXBuildFile; fileRef = 4AD21AFB1BA028B700B4BDDC /* AppDelegate.mm */; };
		4AD21B071BA02FB600B4BDDC /* WWUtilityClass.m in Sources */ = {isa = PBXBuildFile; fileRef = 4AD21B061BA02FB600B4BDDC /* WWUtilityClass.m */; };
		4AD21B0A1BA032B700B4BDDC /* InterfaceClassFile.m in Sources */ = {isa = PBXBuildFile; fileRef = 4AD21B091BA032B700B4BDDC /* InterfaceClassFile.m */; };
		4AD21B0D1BA033DB00B4BDDC /* UINavigationBar+Awesome.m in Sources */ = {isa = PBXBuildFile; fileRef = 4AD21B0C1BA033DB00B4BDDC /* UINavigationBar+Awesome.m */; };
		4AD21B101BA0355000B4BDDC /* WWBaseNavigationViewController.m in Sources */ = {isa = PBXBuildFile; fileRef = 4AD21B0F1BA0355000B4BDDC /* WWBaseNavigationViewController.m */; };
		4AD21B131BA0358400B4BDDC /* WWBaseViewController.m in Sources */ = {isa = PBXBuildFile; fileRef = 4AD21B121BA0358400B4BDDC /* WWBaseViewController.m */; };
		4AD21B1C1BA0396000B4BDDC /* UIViewController+AOP.m in Sources */ = {isa = PBXBuildFile; fileRef = 4AD21B1B1BA0396000B4BDDC /* UIViewController+AOP.m */; };
/* End PBXBuildFile section */

/* Begin PBXContainerItemProxy section */
		4AD21ACF1BA01A3C00B4BDDC /* PBXContainerItemProxy */ = {
			isa = PBXContainerItemProxy;
			containerPortal = 4AD21AAD1BA01A3C00B4BDDC /* Project object */;
			proxyType = 1;
			remoteGlobalIDString = 4AD21AB41BA01A3C00B4BDDC;
			remoteInfo = WWSampleProject;
		};
/* End PBXContainerItemProxy section */

/* Begin PBXFileReference section */
		16AE9000BDCE5CAC294783BF /* libPods.a */ = {isa = PBXFileReference; explicitFileType = archive.ar; includeInIndex = 0; path = libPods.a; sourceTree = BUILT_PRODUCTS_DIR; };
		46D3FF3E1BCBFB630091AF67 /* HTTPClient.h */ = {isa = PBXFileReference; fileEncoding = 4; lastKnownFileType = sourcecode.c.h; path = HTTPClient.h; sourceTree = SOURCE_ROOT; };
		46D3FF3F1BCBFB630091AF67 /* HTTPClient.m */ = {isa = PBXFileReference; fileEncoding = 4; lastKnownFileType = sourcecode.c.objc; path = HTTPClient.m; sourceTree = SOURCE_ROOT; };
		46D3FF401BCBFB630091AF67 /* HTTPClient+Other.h */ = {isa = PBXFileReference; fileEncoding = 4; lastKnownFileType = sourcecode.c.h; path = "HTTPClient+Other.h"; sourceTree = SOURCE_ROOT; };
		46D3FF411BCBFB630091AF67 /* HTTPClient+Other.m */ = {isa = PBXFileReference; fileEncoding = 4; lastKnownFileType = sourcecode.c.objc; path = "HTTPClient+Other.m"; sourceTree = SOURCE_ROOT; };
		46D3FF421BCBFB630091AF67 /* WebAPIDefine.h */ = {isa = PBXFileReference; fileEncoding = 4; lastKnownFileType = sourcecode.c.h; path = WebAPIDefine.h; sourceTree = SOURCE_ROOT; };
		46D3FF431BCBFB630091AF67 /* WebAPIResponse.h */ = {isa = PBXFileReference; fileEncoding = 4; lastKnownFileType = sourcecode.c.h; path = WebAPIResponse.h; sourceTree = SOURCE_ROOT; };
		46D3FF441BCBFB630091AF67 /* WebAPIResponse.m */ = {isa = PBXFileReference; fileEncoding = 4; lastKnownFileType = sourcecode.c.objc; path = WebAPIResponse.m; sourceTree = SOURCE_ROOT; };
		46D3FF481BCBFB750091AF67 /* AFHTTPClient.h */ = {isa = PBXFileReference; fileEncoding = 4; lastKnownFileType = sourcecode.c.h; path = AFHTTPClient.h; sourceTree = SOURCE_ROOT; };
		46D3FF491BCBFB750091AF67 /* AFHTTPClient.m */ = {isa = PBXFileReference; fileEncoding = 4; lastKnownFileType = sourcecode.c.objc; path = AFHTTPClient.m; sourceTree = SOURCE_ROOT; };
		46D3FF591BCBFB750091AF67 /* JSONKit.h */ = {isa = PBXFileReference; fileEncoding = 4; lastKnownFileType = sourcecode.c.h; path = JSONKit.h; sourceTree = SOURCE_ROOT; };
		46D3FF5A1BCBFB750091AF67 /* JSONKit.m */ = {isa = PBXFileReference; fileEncoding = 4; lastKnownFileType = sourcecode.c.objc; path = JSONKit.m; sourceTree = SOURCE_ROOT; };
		46D3FF651BCBFCAC0091AF67 /* FMFunctions.h */ = {isa = PBXFileReference; fileEncoding = 4; lastKnownFileType = sourcecode.c.h; path = FMFunctions.h; sourceTree = SOURCE_ROOT; };
		46D3FF661BCBFCAC0091AF67 /* FMFunctions.m */ = {isa = PBXFileReference; fileEncoding = 4; lastKnownFileType = sourcecode.c.objc; path = FMFunctions.m; sourceTree = SOURCE_ROOT; };
		46D3FF6B1BCC03DB0091AF67 /* AFHTTPRequestOperation.h */ = {isa = PBXFileReference; fileEncoding = 4; lastKnownFileType = sourcecode.c.h; path = AFHTTPRequestOperation.h; sourceTree = SOURCE_ROOT; };
		46D3FF6C1BCC03DB0091AF67 /* AFHTTPRequestOperation.m */ = {isa = PBXFileReference; fileEncoding = 4; lastKnownFileType = sourcecode.c.objc; path = AFHTTPRequestOperation.m; sourceTree = SOURCE_ROOT; };
		46D3FF6D1BCC03DB0091AF67 /* AFImageRequestOperation.h */ = {isa = PBXFileReference; fileEncoding = 4; lastKnownFileType = sourcecode.c.h; path = AFImageRequestOperation.h; sourceTree = SOURCE_ROOT; };
		46D3FF6E1BCC03DB0091AF67 /* AFImageRequestOperation.m */ = {isa = PBXFileReference; fileEncoding = 4; lastKnownFileType = sourcecode.c.objc; path = AFImageRequestOperation.m; sourceTree = SOURCE_ROOT; };
		46D3FF6F1BCC03DB0091AF67 /* AFJSONRequestOperation.h */ = {isa = PBXFileReference; fileEncoding = 4; lastKnownFileType = sourcecode.c.h; path = AFJSONRequestOperation.h; sourceTree = SOURCE_ROOT; };
		46D3FF701BCC03DB0091AF67 /* AFJSONRequestOperation.m */ = {isa = PBXFileReference; fileEncoding = 4; lastKnownFileType = sourcecode.c.objc; path = AFJSONRequestOperation.m; sourceTree = SOURCE_ROOT; };
		46D3FF711BCC03DB0091AF67 /* AFNetworkActivityIndicatorManager.h */ = {isa = PBXFileReference; fileEncoding = 4; lastKnownFileType = sourcecode.c.h; path = AFNetworkActivityIndicatorManager.h; sourceTree = SOURCE_ROOT; };
		46D3FF721BCC03DB0091AF67 /* AFNetworkActivityIndicatorManager.m */ = {isa = PBXFileReference; fileEncoding = 4; lastKnownFileType = sourcecode.c.objc; path = AFNetworkActivityIndicatorManager.m; sourceTree = SOURCE_ROOT; };
		46D3FF731BCC03DB0091AF67 /* AFNetworking.h */ = {isa = PBXFileReference; fileEncoding = 4; lastKnownFileType = sourcecode.c.h; path = AFNetworking.h; sourceTree = SOURCE_ROOT; };
		46D3FF741BCC03DB0091AF67 /* AFPropertyListRequestOperation.h */ = {isa = PBXFileReference; fileEncoding = 4; lastKnownFileType = sourcecode.c.h; path = AFPropertyListRequestOperation.h; sourceTree = SOURCE_ROOT; };
		46D3FF751BCC03DB0091AF67 /* AFPropertyListRequestOperation.m */ = {isa = PBXFileReference; fileEncoding = 4; lastKnownFileType = sourcecode.c.objc; path = AFPropertyListRequestOperation.m; sourceTree = SOURCE_ROOT; };
		46D3FF761BCC03DB0091AF67 /* AFURLConnectionOperation.h */ = {isa = PBXFileReference; fileEncoding = 4; lastKnownFileType = sourcecode.c.h; path = AFURLConnectionOperation.h; sourceTree = SOURCE_ROOT; };
		46D3FF771BCC03DB0091AF67 /* AFURLConnectionOperation.m */ = {isa = PBXFileReference; fileEncoding = 4; lastKnownFileType = sourcecode.c.objc; path = AFURLConnectionOperation.m; sourceTree = SOURCE_ROOT; };
		46D3FF781BCC03DB0091AF67 /* AFXMLRequestOperation.h */ = {isa = PBXFileReference; fileEncoding = 4; lastKnownFileType = sourcecode.c.h; path = AFXMLRequestOperation.h; sourceTree = SOURCE_ROOT; };
		46D3FF791BCC03DB0091AF67 /* AFXMLRequestOperation.m */ = {isa = PBXFileReference; fileEncoding = 4; lastKnownFileType = sourcecode.c.objc; path = AFXMLRequestOperation.m; sourceTree = SOURCE_ROOT; };
		4A3CD1E61BBE311C004DD167 /* libWeChatSDK.a */ = {isa = PBXFileReference; lastKnownFileType = archive.ar; path = libWeChatSDK.a; sourceTree = "<group>"; };
		4A3CD1E71BBE311C004DD167 /* read_me.txt */ = {isa = PBXFileReference; fileEncoding = 4; lastKnownFileType = text; path = read_me.txt; sourceTree = "<group>"; };
		4A3CD1E81BBE311C004DD167 /* WXApi.h */ = {isa = PBXFileReference; fileEncoding = 4; lastKnownFileType = sourcecode.c.h; path = WXApi.h; sourceTree = "<group>"; };
		4A3CD1E91BBE311C004DD167 /* WXApiObject.h */ = {isa = PBXFileReference; fileEncoding = 4; lastKnownFileType = sourcecode.c.h; path = WXApiObject.h; sourceTree = "<group>"; };
		4A3CD1ED1BBE33A2004DD167 /* ApiXml.h */ = {isa = PBXFileReference; fileEncoding = 4; lastKnownFileType = sourcecode.c.h; path = ApiXml.h; sourceTree = "<group>"; };
		4A3CD1EE1BBE33A2004DD167 /* ApiXml.mm */ = {isa = PBXFileReference; fileEncoding = 4; lastKnownFileType = sourcecode.cpp.objcpp; path = ApiXml.mm; sourceTree = "<group>"; };
		4A3CD1EF1BBE33A2004DD167 /* payRequsestHandler.h */ = {isa = PBXFileReference; fileEncoding = 4; lastKnownFileType = sourcecode.c.h; path = payRequsestHandler.h; sourceTree = "<group>"; };
		4A3CD1F01BBE33A2004DD167 /* payRequsestHandler.mm */ = {isa = PBXFileReference; fileEncoding = 4; lastKnownFileType = sourcecode.cpp.objcpp; path = payRequsestHandler.mm; sourceTree = "<group>"; };
		4A3CD1F11BBE33A2004DD167 /* WXUtil.h */ = {isa = PBXFileReference; fileEncoding = 4; lastKnownFileType = sourcecode.c.h; path = WXUtil.h; sourceTree = "<group>"; };
		4A3CD1F21BBE33A2004DD167 /* WXUtil.mm */ = {isa = PBXFileReference; fileEncoding = 4; lastKnownFileType = sourcecode.cpp.objcpp; path = WXUtil.mm; sourceTree = "<group>"; };
		4A3CD1F61BC8B1C0004DD167 /* Default-568h@2x.png */ = {isa = PBXFileReference; lastKnownFileType = image.png; path = "Default-568h@2x.png"; sourceTree = "<group>"; };
		4A40DD8E1BCA287900E12DD9 /* AFHTTPRequestOperation.h */ = {isa = PBXFileReference; lastKnownFileType = sourcecode.c.h; path = AFHTTPRequestOperation.h; sourceTree = "<group>"; };
		4A40DD8F1BCA287900E12DD9 /* AFHTTPRequestOperationManager.h */ = {isa = PBXFileReference; lastKnownFileType = sourcecode.c.h; path = AFHTTPRequestOperationManager.h; sourceTree = "<group>"; };
		4A40DD901BCA287900E12DD9 /* AFHTTPSessionManager.h */ = {isa = PBXFileReference; lastKnownFileType = sourcecode.c.h; path = AFHTTPSessionManager.h; sourceTree = "<group>"; };
		4A40DD911BCA287900E12DD9 /* AFNetworkActivityIndicatorManager.h */ = {isa = PBXFileReference; lastKnownFileType = sourcecode.c.h; path = AFNetworkActivityIndicatorManager.h; sourceTree = "<group>"; };
		4A40DD921BCA287900E12DD9 /* AFNetworking.h */ = {isa = PBXFileReference; lastKnownFileType = sourcecode.c.h; path = AFNetworking.h; sourceTree = "<group>"; };
		4A40DD931BCA287900E12DD9 /* AFNetworkReachabilityManager.h */ = {isa = PBXFileReference; lastKnownFileType = sourcecode.c.h; path = AFNetworkReachabilityManager.h; sourceTree = "<group>"; };
		4A40DD941BCA287900E12DD9 /* AFSecurityPolicy.h */ = {isa = PBXFileReference; lastKnownFileType = sourcecode.c.h; path = AFSecurityPolicy.h; sourceTree = "<group>"; };
		4A40DD951BCA287900E12DD9 /* AFURLConnectionOperation.h */ = {isa = PBXFileReference; lastKnownFileType = sourcecode.c.h; path = AFURLConnectionOperation.h; sourceTree = "<group>"; };
		4A40DD961BCA287900E12DD9 /* AFURLRequestSerialization.h */ = {isa = PBXFileReference; lastKnownFileType = sourcecode.c.h; path = AFURLRequestSerialization.h; sourceTree = "<group>"; };
		4A40DD971BCA287900E12DD9 /* AFURLResponseSerialization.h */ = {isa = PBXFileReference; lastKnownFileType = sourcecode.c.h; path = AFURLResponseSerialization.h; sourceTree = "<group>"; };
		4A40DD981BCA287900E12DD9 /* AFURLSessionManager.h */ = {isa = PBXFileReference; lastKnownFileType = sourcecode.c.h; path = AFURLSessionManager.h; sourceTree = "<group>"; };
		4A40DD991BCA287900E12DD9 /* UIActivityIndicatorView+AFNetworking.h */ = {isa = PBXFileReference; lastKnownFileType = sourcecode.c.h; path = "UIActivityIndicatorView+AFNetworking.h"; sourceTree = "<group>"; };
		4A40DD9A1BCA287900E12DD9 /* UIAlertView+AFNetworking.h */ = {isa = PBXFileReference; lastKnownFileType = sourcecode.c.h; path = "UIAlertView+AFNetworking.h"; sourceTree = "<group>"; };
		4A40DD9B1BCA287900E12DD9 /* UIButton+AFNetworking.h */ = {isa = PBXFileReference; lastKnownFileType = sourcecode.c.h; path = "UIButton+AFNetworking.h"; sourceTree = "<group>"; };
		4A40DD9C1BCA287900E12DD9 /* UIImageView+AFNetworking.h */ = {isa = PBXFileReference; lastKnownFileType = sourcecode.c.h; path = "UIImageView+AFNetworking.h"; sourceTree = "<group>"; };
		4A40DD9D1BCA287900E12DD9 /* UIKit+AFNetworking.h */ = {isa = PBXFileReference; lastKnownFileType = sourcecode.c.h; path = "UIKit+AFNetworking.h"; sourceTree = "<group>"; };
		4A40DD9E1BCA287900E12DD9 /* UIProgressView+AFNetworking.h */ = {isa = PBXFileReference; lastKnownFileType = sourcecode.c.h; path = "UIProgressView+AFNetworking.h"; sourceTree = "<group>"; };
		4A40DD9F1BCA287900E12DD9 /* UIRefreshControl+AFNetworking.h */ = {isa = PBXFileReference; lastKnownFileType = sourcecode.c.h; path = "UIRefreshControl+AFNetworking.h"; sourceTree = "<group>"; };
		4A40DDA01BCA287900E12DD9 /* UIWebView+AFNetworking.h */ = {isa = PBXFileReference; lastKnownFileType = sourcecode.c.h; path = "UIWebView+AFNetworking.h"; sourceTree = "<group>"; };
		4A40DDA21BCA287900E12DD9 /* NSData+ImageContentType.h */ = {isa = PBXFileReference; lastKnownFileType = sourcecode.c.h; path = "NSData+ImageContentType.h"; sourceTree = "<group>"; };
		4A40DDA31BCA287900E12DD9 /* SDImageCache.h */ = {isa = PBXFileReference; lastKnownFileType = sourcecode.c.h; path = SDImageCache.h; sourceTree = "<group>"; };
		4A40DDA41BCA287900E12DD9 /* SDWebImageCompat.h */ = {isa = PBXFileReference; lastKnownFileType = sourcecode.c.h; path = SDWebImageCompat.h; sourceTree = "<group>"; };
		4A40DDA51BCA287900E12DD9 /* SDWebImageDecoder.h */ = {isa = PBXFileReference; lastKnownFileType = sourcecode.c.h; path = SDWebImageDecoder.h; sourceTree = "<group>"; };
		4A40DDA61BCA287900E12DD9 /* SDWebImageDownloader.h */ = {isa = PBXFileReference; lastKnownFileType = sourcecode.c.h; path = SDWebImageDownloader.h; sourceTree = "<group>"; };
		4A40DDA71BCA287900E12DD9 /* SDWebImageDownloaderOperation.h */ = {isa = PBXFileReference; lastKnownFileType = sourcecode.c.h; path = SDWebImageDownloaderOperation.h; sourceTree = "<group>"; };
		4A40DDA81BCA287900E12DD9 /* SDWebImageManager.h */ = {isa = PBXFileReference; lastKnownFileType = sourcecode.c.h; path = SDWebImageManager.h; sourceTree = "<group>"; };
		4A40DDA91BCA287900E12DD9 /* SDWebImageOperation.h */ = {isa = PBXFileReference; lastKnownFileType = sourcecode.c.h; path = SDWebImageOperation.h; sourceTree = "<group>"; };
		4A40DDAA1BCA287900E12DD9 /* SDWebImagePrefetcher.h */ = {isa = PBXFileReference; lastKnownFileType = sourcecode.c.h; path = SDWebImagePrefetcher.h; sourceTree = "<group>"; };
		4A40DDAB1BCA287900E12DD9 /* UIButton+WebCache.h */ = {isa = PBXFileReference; lastKnownFileType = sourcecode.c.h; path = "UIButton+WebCache.h"; sourceTree = "<group>"; };
		4A40DDAC1BCA287900E12DD9 /* UIImage+GIF.h */ = {isa = PBXFileReference; lastKnownFileType = sourcecode.c.h; path = "UIImage+GIF.h"; sourceTree = "<group>"; };
		4A40DDAD1BCA287900E12DD9 /* UIImage+MultiFormat.h */ = {isa = PBXFileReference; lastKnownFileType = sourcecode.c.h; path = "UIImage+MultiFormat.h"; sourceTree = "<group>"; };
		4A40DDAE1BCA287900E12DD9 /* UIImageView+HighlightedWebCache.h */ = {isa = PBXFileReference; lastKnownFileType = sourcecode.c.h; path = "UIImageView+HighlightedWebCache.h"; sourceTree = "<group>"; };
		4A40DDAF1BCA287900E12DD9 /* UIImageView+WebCache.h */ = {isa = PBXFileReference; lastKnownFileType = sourcecode.c.h; path = "UIImageView+WebCache.h"; sourceTree = "<group>"; };
		4A40DDB01BCA287900E12DD9 /* UIView+WebCacheOperation.h */ = {isa = PBXFileReference; lastKnownFileType = sourcecode.c.h; path = "UIView+WebCacheOperation.h"; sourceTree = "<group>"; };
		4A40DDB21BCA287900E12DD9 /* SVIndefiniteAnimatedView.h */ = {isa = PBXFileReference; lastKnownFileType = sourcecode.c.h; path = SVIndefiniteAnimatedView.h; sourceTree = "<group>"; };
		4A40DDB31BCA287900E12DD9 /* SVProgressHUD.h */ = {isa = PBXFileReference; lastKnownFileType = sourcecode.c.h; path = SVProgressHUD.h; sourceTree = "<group>"; };
		4A40DDB51BCA287900E12DD9 /* MobClick.h */ = {isa = PBXFileReference; lastKnownFileType = sourcecode.c.h; path = MobClick.h; sourceTree = "<group>"; };
		4A40DDB81BCA287900E12DD9 /* AFHTTPRequestOperation.h */ = {isa = PBXFileReference; lastKnownFileType = sourcecode.c.h; path = AFHTTPRequestOperation.h; sourceTree = "<group>"; };
		4A40DDB91BCA287900E12DD9 /* AFHTTPRequestOperationManager.h */ = {isa = PBXFileReference; lastKnownFileType = sourcecode.c.h; path = AFHTTPRequestOperationManager.h; sourceTree = "<group>"; };
		4A40DDBA1BCA287900E12DD9 /* AFHTTPSessionManager.h */ = {isa = PBXFileReference; lastKnownFileType = sourcecode.c.h; path = AFHTTPSessionManager.h; sourceTree = "<group>"; };
		4A40DDBB1BCA287900E12DD9 /* AFNetworkActivityIndicatorManager.h */ = {isa = PBXFileReference; lastKnownFileType = sourcecode.c.h; path = AFNetworkActivityIndicatorManager.h; sourceTree = "<group>"; };
		4A40DDBC1BCA287900E12DD9 /* AFNetworking.h */ = {isa = PBXFileReference; lastKnownFileType = sourcecode.c.h; path = AFNetworking.h; sourceTree = "<group>"; };
		4A40DDBD1BCA287900E12DD9 /* AFNetworkReachabilityManager.h */ = {isa = PBXFileReference; lastKnownFileType = sourcecode.c.h; path = AFNetworkReachabilityManager.h; sourceTree = "<group>"; };
		4A40DDBE1BCA287900E12DD9 /* AFSecurityPolicy.h */ = {isa = PBXFileReference; lastKnownFileType = sourcecode.c.h; path = AFSecurityPolicy.h; sourceTree = "<group>"; };
		4A40DDBF1BCA287900E12DD9 /* AFURLConnectionOperation.h */ = {isa = PBXFileReference; lastKnownFileType = sourcecode.c.h; path = AFURLConnectionOperation.h; sourceTree = "<group>"; };
		4A40DDC01BCA287900E12DD9 /* AFURLRequestSerialization.h */ = {isa = PBXFileReference; lastKnownFileType = sourcecode.c.h; path = AFURLRequestSerialization.h; sourceTree = "<group>"; };
		4A40DDC11BCA287900E12DD9 /* AFURLResponseSerialization.h */ = {isa = PBXFileReference; lastKnownFileType = sourcecode.c.h; path = AFURLResponseSerialization.h; sourceTree = "<group>"; };
		4A40DDC21BCA287900E12DD9 /* AFURLSessionManager.h */ = {isa = PBXFileReference; lastKnownFileType = sourcecode.c.h; path = AFURLSessionManager.h; sourceTree = "<group>"; };
		4A40DDC31BCA287900E12DD9 /* UIActivityIndicatorView+AFNetworking.h */ = {isa = PBXFileReference; lastKnownFileType = sourcecode.c.h; path = "UIActivityIndicatorView+AFNetworking.h"; sourceTree = "<group>"; };
		4A40DDC41BCA287900E12DD9 /* UIAlertView+AFNetworking.h */ = {isa = PBXFileReference; lastKnownFileType = sourcecode.c.h; path = "UIAlertView+AFNetworking.h"; sourceTree = "<group>"; };
		4A40DDC51BCA287900E12DD9 /* UIButton+AFNetworking.h */ = {isa = PBXFileReference; lastKnownFileType = sourcecode.c.h; path = "UIButton+AFNetworking.h"; sourceTree = "<group>"; };
		4A40DDC61BCA287900E12DD9 /* UIImageView+AFNetworking.h */ = {isa = PBXFileReference; lastKnownFileType = sourcecode.c.h; path = "UIImageView+AFNetworking.h"; sourceTree = "<group>"; };
		4A40DDC71BCA287900E12DD9 /* UIKit+AFNetworking.h */ = {isa = PBXFileReference; lastKnownFileType = sourcecode.c.h; path = "UIKit+AFNetworking.h"; sourceTree = "<group>"; };
		4A40DDC81BCA287900E12DD9 /* UIProgressView+AFNetworking.h */ = {isa = PBXFileReference; lastKnownFileType = sourcecode.c.h; path = "UIProgressView+AFNetworking.h"; sourceTree = "<group>"; };
		4A40DDC91BCA287900E12DD9 /* UIRefreshControl+AFNetworking.h */ = {isa = PBXFileReference; lastKnownFileType = sourcecode.c.h; path = "UIRefreshControl+AFNetworking.h"; sourceTree = "<group>"; };
		4A40DDCA1BCA287900E12DD9 /* UIWebView+AFNetworking.h */ = {isa = PBXFileReference; lastKnownFileType = sourcecode.c.h; path = "UIWebView+AFNetworking.h"; sourceTree = "<group>"; };
		4A40DDCC1BCA287900E12DD9 /* NSData+ImageContentType.h */ = {isa = PBXFileReference; lastKnownFileType = sourcecode.c.h; path = "NSData+ImageContentType.h"; sourceTree = "<group>"; };
		4A40DDCD1BCA287900E12DD9 /* SDImageCache.h */ = {isa = PBXFileReference; lastKnownFileType = sourcecode.c.h; path = SDImageCache.h; sourceTree = "<group>"; };
		4A40DDCE1BCA287900E12DD9 /* SDWebImageCompat.h */ = {isa = PBXFileReference; lastKnownFileType = sourcecode.c.h; path = SDWebImageCompat.h; sourceTree = "<group>"; };
		4A40DDCF1BCA287900E12DD9 /* SDWebImageDecoder.h */ = {isa = PBXFileReference; lastKnownFileType = sourcecode.c.h; path = SDWebImageDecoder.h; sourceTree = "<group>"; };
		4A40DDD01BCA287900E12DD9 /* SDWebImageDownloader.h */ = {isa = PBXFileReference; lastKnownFileType = sourcecode.c.h; path = SDWebImageDownloader.h; sourceTree = "<group>"; };
		4A40DDD11BCA287900E12DD9 /* SDWebImageDownloaderOperation.h */ = {isa = PBXFileReference; lastKnownFileType = sourcecode.c.h; path = SDWebImageDownloaderOperation.h; sourceTree = "<group>"; };
		4A40DDD21BCA287900E12DD9 /* SDWebImageManager.h */ = {isa = PBXFileReference; lastKnownFileType = sourcecode.c.h; path = SDWebImageManager.h; sourceTree = "<group>"; };
		4A40DDD31BCA287900E12DD9 /* SDWebImageOperation.h */ = {isa = PBXFileReference; lastKnownFileType = sourcecode.c.h; path = SDWebImageOperation.h; sourceTree = "<group>"; };
		4A40DDD41BCA287900E12DD9 /* SDWebImagePrefetcher.h */ = {isa = PBXFileReference; lastKnownFileType = sourcecode.c.h; path = SDWebImagePrefetcher.h; sourceTree = "<group>"; };
		4A40DDD51BCA287900E12DD9 /* UIButton+WebCache.h */ = {isa = PBXFileReference; lastKnownFileType = sourcecode.c.h; path = "UIButton+WebCache.h"; sourceTree = "<group>"; };
		4A40DDD61BCA287900E12DD9 /* UIImage+GIF.h */ = {isa = PBXFileReference; lastKnownFileType = sourcecode.c.h; path = "UIImage+GIF.h"; sourceTree = "<group>"; };
		4A40DDD71BCA287900E12DD9 /* UIImage+MultiFormat.h */ = {isa = PBXFileReference; lastKnownFileType = sourcecode.c.h; path = "UIImage+MultiFormat.h"; sourceTree = "<group>"; };
		4A40DDD81BCA287900E12DD9 /* UIImageView+HighlightedWebCache.h */ = {isa = PBXFileReference; lastKnownFileType = sourcecode.c.h; path = "UIImageView+HighlightedWebCache.h"; sourceTree = "<group>"; };
		4A40DDD91BCA287900E12DD9 /* UIImageView+WebCache.h */ = {isa = PBXFileReference; lastKnownFileType = sourcecode.c.h; path = "UIImageView+WebCache.h"; sourceTree = "<group>"; };
		4A40DDDA1BCA287900E12DD9 /* UIView+WebCacheOperation.h */ = {isa = PBXFileReference; lastKnownFileType = sourcecode.c.h; path = "UIView+WebCacheOperation.h"; sourceTree = "<group>"; };
		4A40DDDC1BCA287900E12DD9 /* SVIndefiniteAnimatedView.h */ = {isa = PBXFileReference; lastKnownFileType = sourcecode.c.h; path = SVIndefiniteAnimatedView.h; sourceTree = "<group>"; };
		4A40DDDD1BCA287900E12DD9 /* SVProgressHUD.h */ = {isa = PBXFileReference; lastKnownFileType = sourcecode.c.h; path = SVProgressHUD.h; sourceTree = "<group>"; };
		4A40DDDF1BCA287900E12DD9 /* MobClick.h */ = {isa = PBXFileReference; lastKnownFileType = sourcecode.c.h; path = MobClick.h; sourceTree = "<group>"; };
		4A40DDE31BCA5E0C00E12DD9 /* ImageIO.framework */ = {isa = PBXFileReference; lastKnownFileType = wrapper.framework; name = ImageIO.framework; path = System/Library/Frameworks/ImageIO.framework; sourceTree = SDKROOT; };
		4A40DDE71BCA64B200E12DD9 /* CoreTelephony.framework */ = {isa = PBXFileReference; lastKnownFileType = wrapper.framework; name = CoreTelephony.framework; path = System/Library/Frameworks/CoreTelephony.framework; sourceTree = SDKROOT; };
		4A40DDEA1BCA86F100E12DD9 /* WWPublicNavtionBar.h */ = {isa = PBXFileReference; fileEncoding = 4; lastKnownFileType = sourcecode.c.h; path = WWPublicNavtionBar.h; sourceTree = SOURCE_ROOT; };
		4A40DDEB1BCA86F100E12DD9 /* WWPublicNavtionBar.m */ = {isa = PBXFileReference; fileEncoding = 4; lastKnownFileType = sourcecode.c.objc; path = WWPublicNavtionBar.m; sourceTree = SOURCE_ROOT; };
		4A40DDEE1BCA895C00E12DD9 /* bg_grzx@2x.png */ = {isa = PBXFileReference; lastKnownFileType = image.png; path = "bg_grzx@2x.png"; sourceTree = "<group>"; };
		4A40DDEF1BCA895C00E12DD9 /* bg_grzx@3x.png */ = {isa = PBXFileReference; lastKnownFileType = image.png; path = "bg_grzx@3x.png"; sourceTree = "<group>"; };
		4A40DDF01BCA895C00E12DD9 /* btn_gb_n@2x.png */ = {isa = PBXFileReference; lastKnownFileType = image.png; path = "btn_gb_n@2x.png"; sourceTree = "<group>"; };
		4A40DDF11BCA895C00E12DD9 /* btn_gb_n@3x.png */ = {isa = PBXFileReference; lastKnownFileType = image.png; path = "btn_gb_n@3x.png"; sourceTree = "<group>"; };
		4A40DDF21BCA895C00E12DD9 /* btn_sz_n@2x.png */ = {isa = PBXFileReference; lastKnownFileType = image.png; path = "btn_sz_n@2x.png"; sourceTree = "<group>"; };
		4A40DDF31BCA895C00E12DD9 /* btn_sz_n@3x.png */ = {isa = PBXFileReference; lastKnownFileType = image.png; path = "btn_sz_n@3x.png"; sourceTree = "<group>"; };
		4A40DDF41BCA895C00E12DD9 /* icon_dd@2x.png */ = {isa = PBXFileReference; lastKnownFileType = image.png; path = "icon_dd@2x.png"; sourceTree = "<group>"; };
		4A40DDF51BCA895C00E12DD9 /* icon_dd@3x.png */ = {isa = PBXFileReference; lastKnownFileType = image.png; path = "icon_dd@3x.png"; sourceTree = "<group>"; };
		4A40DDF61BCA895C00E12DD9 /* icon_dh@2x.png */ = {isa = PBXFileReference; lastKnownFileType = image.png; path = "icon_dh@2x.png"; sourceTree = "<group>"; };
		4A40DDF71BCA895C00E12DD9 /* icon_dh@3x.png */ = {isa = PBXFileReference; lastKnownFileType = image.png; path = "icon_dh@3x.png"; sourceTree = "<group>"; };
		4A40DDF81BCA895C00E12DD9 /* icon_logo@2x.png */ = {isa = PBXFileReference; lastKnownFileType = image.png; path = "icon_logo@2x.png"; sourceTree = "<group>"; };
		4A40DDF91BCA895C00E12DD9 /* icon_logo@3x.png */ = {isa = PBXFileReference; lastKnownFileType = image.png; path = "icon_logo@3x.png"; sourceTree = "<group>"; };
		4A40DDFA1BCA895C00E12DD9 /* icon_sc@2x.png */ = {isa = PBXFileReference; lastKnownFileType = image.png; path = "icon_sc@2x.png"; sourceTree = "<group>"; };
		4A40DDFB1BCA895C00E12DD9 /* icon_sc@3x.png */ = {isa = PBXFileReference; lastKnownFileType = image.png; path = "icon_sc@3x.png"; sourceTree = "<group>"; };
		4A40DDFC1BCA895C00E12DD9 /* icon_xttz@2x.png */ = {isa = PBXFileReference; lastKnownFileType = image.png; path = "icon_xttz@2x.png"; sourceTree = "<group>"; };
		4A40DDFD1BCA895C00E12DD9 /* icon_xttz@3x.png */ = {isa = PBXFileReference; lastKnownFileType = image.png; path = "icon_xttz@3x.png"; sourceTree = "<group>"; };
		4A40DDFE1BCA895C00E12DD9 /* icon_ygh@2x.png */ = {isa = PBXFileReference; lastKnownFileType = image.png; path = "icon_ygh@2x.png"; sourceTree = "<group>"; };
		4A40DDFF1BCA895C00E12DD9 /* icon_ygh@3x.png */ = {isa = PBXFileReference; lastKnownFileType = image.png; path = "icon_ygh@3x.png"; sourceTree = "<group>"; };
		4A40DE001BCA895C00E12DD9 /* icon_yjfk@2x.png */ = {isa = PBXFileReference; lastKnownFileType = image.png; path = "icon_yjfk@2x.png"; sourceTree = "<group>"; };
		4A40DE011BCA895C00E12DD9 /* icon_yjfk@3x.png */ = {isa = PBXFileReference; lastKnownFileType = image.png; path = "icon_yjfk@3x.png"; sourceTree = "<group>"; };
		4A40DE021BCA895C00E12DD9 /* img_ftx@2x.png */ = {isa = PBXFileReference; lastKnownFileType = image.png; path = "img_ftx@2x.png"; sourceTree = "<group>"; };
		4A40DE031BCA895C00E12DD9 /* img_ftx@3x.png */ = {isa = PBXFileReference; lastKnownFileType = image.png; path = "img_ftx@3x.png"; sourceTree = "<group>"; };
		4A40DE041BCA895C00E12DD9 /* img_tx@2x.png */ = {isa = PBXFileReference; lastKnownFileType = image.png; path = "img_tx@2x.png"; sourceTree = "<group>"; };
		4A40DE051BCA895C00E12DD9 /* img_tx@3x.png */ = {isa = PBXFileReference; lastKnownFileType = image.png; path = "img_tx@3x.png"; sourceTree = "<group>"; };
		4A40DE081BCA895C00E12DD9 /* logo-120.png */ = {isa = PBXFileReference; lastKnownFileType = image.png; path = "logo-120.png"; sourceTree = "<group>"; };
		4A40DE0A1BCA895C00E12DD9 /* logo-100.png */ = {isa = PBXFileReference; lastKnownFileType = image.png; path = "logo-100.png"; sourceTree = "<group>"; };
		4A40DE0B1BCA895C00E12DD9 /* logo-144.png */ = {isa = PBXFileReference; lastKnownFileType = image.png; path = "logo-144.png"; sourceTree = "<group>"; };
		4A40DE0C1BCA895C00E12DD9 /* logo-152.png */ = {isa = PBXFileReference; lastKnownFileType = image.png; path = "logo-152.png"; sourceTree = "<group>"; };
		4A40DE0D1BCA895C00E12DD9 /* logo-29.png */ = {isa = PBXFileReference; lastKnownFileType = image.png; path = "logo-29.png"; sourceTree = "<group>"; };
		4A40DE0E1BCA895C00E12DD9 /* logo-40.png */ = {isa = PBXFileReference; lastKnownFileType = image.png; path = "logo-40.png"; sourceTree = "<group>"; };
		4A40DE0F1BCA895C00E12DD9 /* logo-50.png */ = {isa = PBXFileReference; lastKnownFileType = image.png; path = "logo-50.png"; sourceTree = "<group>"; };
		4A40DE101BCA895C00E12DD9 /* logo-58.png */ = {isa = PBXFileReference; lastKnownFileType = image.png; path = "logo-58.png"; sourceTree = "<group>"; };
		4A40DE111BCA895C00E12DD9 /* logo-72.png */ = {isa = PBXFileReference; lastKnownFileType = image.png; path = "logo-72.png"; sourceTree = "<group>"; };
		4A40DE121BCA895C00E12DD9 /* logo-76.png */ = {isa = PBXFileReference; lastKnownFileType = image.png; path = "logo-76.png"; sourceTree = "<group>"; };
		4A40DE131BCA895C00E12DD9 /* logo-80.png */ = {isa = PBXFileReference; lastKnownFileType = image.png; path = "logo-80.png"; sourceTree = "<group>"; };
		4A40DE151BCA895C00E12DD9 /* logo-114.png */ = {isa = PBXFileReference; lastKnownFileType = image.png; path = "logo-114.png"; sourceTree = "<group>"; };
		4A40DE161BCA895C00E12DD9 /* logo-120.png */ = {isa = PBXFileReference; lastKnownFileType = image.png; path = "logo-120.png"; sourceTree = "<group>"; };
		4A40DE171BCA895C00E12DD9 /* logo-180.png */ = {isa = PBXFileReference; lastKnownFileType = image.png; path = "logo-180.png"; sourceTree = "<group>"; };
		4A40DE181BCA895C00E12DD9 /* logo-29.png */ = {isa = PBXFileReference; lastKnownFileType = image.png; path = "logo-29.png"; sourceTree = "<group>"; };
		4A40DE191BCA895C00E12DD9 /* logo-57.png */ = {isa = PBXFileReference; lastKnownFileType = image.png; path = "logo-57.png"; sourceTree = "<group>"; };
		4A40DE1A1BCA895C00E12DD9 /* logo-58.png */ = {isa = PBXFileReference; lastKnownFileType = image.png; path = "logo-58.png"; sourceTree = "<group>"; };
		4A40DE1B1BCA895C00E12DD9 /* logo-80.png */ = {isa = PBXFileReference; lastKnownFileType = image.png; path = "logo-80.png"; sourceTree = "<group>"; };
		4A40DE1C1BCA895C00E12DD9 /* logo-87.png */ = {isa = PBXFileReference; lastKnownFileType = image.png; path = "logo-87.png"; sourceTree = "<group>"; };
		4A40DE1E1BCA895C00E12DD9 /* logo-512.png */ = {isa = PBXFileReference; lastKnownFileType = image.png; path = "logo-512.png"; sourceTree = "<group>"; };
		4A40DE1F1BCA895C00E12DD9 /* logo-1024.png */ = {isa = PBXFileReference; lastKnownFileType = image.png; path = "logo-1024.png"; sourceTree = "<group>"; };
		4A40DE4E1BCA8C4200E12DD9 /* btn_zksq@2x.png */ = {isa = PBXFileReference; lastKnownFileType = image.png; path = "btn_zksq@2x.png"; sourceTree = "<group>"; };
		4A40DE4F1BCA8C4200E12DD9 /* btn_zksq@3x.png */ = {isa = PBXFileReference; lastKnownFileType = image.png; path = "btn_zksq@3x.png"; sourceTree = "<group>"; };
		4A40DE531BCA921800E12DD9 /* CycleScrollView.h */ = {isa = PBXFileReference; fileEncoding = 4; lastKnownFileType = sourcecode.c.h; path = CycleScrollView.h; sourceTree = "<group>"; };
		4A40DE541BCA921800E12DD9 /* CycleScrollView.m */ = {isa = PBXFileReference; fileEncoding = 4; lastKnownFileType = sourcecode.c.objc; path = CycleScrollView.m; sourceTree = "<group>"; };
		4A40DE551BCA921800E12DD9 /* MCPagerView.h */ = {isa = PBXFileReference; fileEncoding = 4; lastKnownFileType = sourcecode.c.h; path = MCPagerView.h; sourceTree = "<group>"; };
		4A40DE561BCA921800E12DD9 /* MCPagerView.m */ = {isa = PBXFileReference; fileEncoding = 4; lastKnownFileType = sourcecode.c.objc; path = MCPagerView.m; sourceTree = "<group>"; };
		4A40DE571BCA921800E12DD9 /* NSTimer+Addition.h */ = {isa = PBXFileReference; fileEncoding = 4; lastKnownFileType = sourcecode.c.h; path = "NSTimer+Addition.h"; sourceTree = "<group>"; };
		4A40DE581BCA921800E12DD9 /* NSTimer+Addition.m */ = {isa = PBXFileReference; fileEncoding = 4; lastKnownFileType = sourcecode.c.objc; path = "NSTimer+Addition.m"; sourceTree = "<group>"; };
		4A40DE5C1BCA928E00E12DD9 /* HomePageView.h */ = {isa = PBXFileReference; fileEncoding = 4; lastKnownFileType = sourcecode.c.h; path = HomePageView.h; sourceTree = SOURCE_ROOT; };
		4A40DE5D1BCA928E00E12DD9 /* HomePageView.m */ = {isa = PBXFileReference; fileEncoding = 4; lastKnownFileType = sourcecode.c.objc; path = HomePageView.m; sourceTree = SOURCE_ROOT; };
		4A40E0421BCCA10400E12DD9 /* libsqlite3.tbd */ = {isa = PBXFileReference; lastKnownFileType = "sourcecode.text-based-dylib-definition"; name = libsqlite3.tbd; path = usr/lib/libsqlite3.tbd; sourceTree = SDKROOT; };
		4A40E0441BCCA52300E12DD9 /* PBMsg@2x.png */ = {isa = PBXFileReference; lastKnownFileType = image.png; path = "PBMsg@2x.png"; sourceTree = SOURCE_ROOT; };
		4A40E0451BCCA52300E12DD9 /* PBMsg@3x.png */ = {isa = PBXFileReference; lastKnownFileType = image.png; path = "PBMsg@3x.png"; sourceTree = SOURCE_ROOT; };
		4AD21AB51BA01A3C00B4BDDC /* WWSampleProject.app */ = {isa = PBXFileReference; explicitFileType = wrapper.application; includeInIndex = 0; path = WWSampleProject.app; sourceTree = BUILT_PRODUCTS_DIR; };
		4AD21ACE1BA01A3C00B4BDDC /* WWSampleProjectTests.xctest */ = {isa = PBXFileReference; explicitFileType = wrapper.cfbundle; includeInIndex = 0; path = WWSampleProjectTests.xctest; sourceTree = BUILT_PRODUCTS_DIR; };
		4AD21AE31BA0250100B4BDDC /* Base */ = {isa = PBXFileReference; lastKnownFileType = file.xib; name = Base; path = LaunchScreen.xib; sourceTree = "<group>"; };
		4AD21AE41BA0250100B4BDDC /* Images.xcassets */ = {isa = PBXFileReference; lastKnownFileType = folder.assetcatalog; name = Images.xcassets; path = SupportFiles/Images.xcassets; sourceTree = SOURCE_ROOT; };
		4AD21AE61BA0250100B4BDDC /* main.m */ = {isa = PBXFileReference; fileEncoding = 4; lastKnownFileType = sourcecode.c.objc; name = main.m; path = SupportFiles/main.m; sourceTree = SOURCE_ROOT; };
		4AD21AF01BA025DD00B4BDDC /* WWHomePageViewController.h */ = {isa = PBXFileReference; fileEncoding = 4; lastKnownFileType = sourcecode.c.h; path = WWHomePageViewController.h; sourceTree = SOURCE_ROOT; };
		4AD21AF11BA025DD00B4BDDC /* WWHomePageViewController.m */ = {isa = PBXFileReference; fileEncoding = 4; lastKnownFileType = sourcecode.c.objc; path = WWHomePageViewController.m; sourceTree = SOURCE_ROOT; };
		4AD21AFA1BA028B700B4BDDC /* AppDelegate.h */ = {isa = PBXFileReference; fileEncoding = 4; lastKnownFileType = sourcecode.c.h; path = AppDelegate.h; sourceTree = SOURCE_ROOT; };
		4AD21AFB1BA028B700B4BDDC /* AppDelegate.mm */ = {isa = PBXFileReference; fileEncoding = 4; lastKnownFileType = sourcecode.cpp.objcpp; path = AppDelegate.mm; sourceTree = SOURCE_ROOT; };
		4AD21B011BA02A9200B4BDDC /* Info.plist */ = {isa = PBXFileReference; fileEncoding = 4; lastKnownFileType = text.plist.xml; path = Info.plist; sourceTree = SOURCE_ROOT; };
		4AD21B031BA02DC500B4BDDC /* WWUrlConfig.h */ = {isa = PBXFileReference; lastKnownFileType = sourcecode.c.h; path = WWUrlConfig.h; sourceTree = SOURCE_ROOT; };
		4AD21B041BA02EB400B4BDDC /* WWProject.pch */ = {isa = PBXFileReference; fileEncoding = 4; lastKnownFileType = sourcecode.c.h; path = WWProject.pch; sourceTree = SOURCE_ROOT; };
		4AD21B051BA02FB600B4BDDC /* WWUtilityClass.h */ = {isa = PBXFileReference; fileEncoding = 4; lastKnownFileType = sourcecode.c.h; path = WWUtilityClass.h; sourceTree = SOURCE_ROOT; };
		4AD21B061BA02FB600B4BDDC /* WWUtilityClass.m */ = {isa = PBXFileReference; fileEncoding = 4; lastKnownFileType = sourcecode.c.objc; path = WWUtilityClass.m; sourceTree = SOURCE_ROOT; };
		4AD21B081BA032B700B4BDDC /* InterfaceClassFile.h */ = {isa = PBXFileReference; fileEncoding = 4; lastKnownFileType = sourcecode.c.h; path = InterfaceClassFile.h; sourceTree = SOURCE_ROOT; };
		4AD21B091BA032B700B4BDDC /* InterfaceClassFile.m */ = {isa = PBXFileReference; fileEncoding = 4; lastKnownFileType = sourcecode.c.objc; path = InterfaceClassFile.m; sourceTree = SOURCE_ROOT; };
		4AD21B0B1BA033DA00B4BDDC /* UINavigationBar+Awesome.h */ = {isa = PBXFileReference; fileEncoding = 4; lastKnownFileType = sourcecode.c.h; path = "UINavigationBar+Awesome.h"; sourceTree = SOURCE_ROOT; };
		4AD21B0C1BA033DB00B4BDDC /* UINavigationBar+Awesome.m */ = {isa = PBXFileReference; fileEncoding = 4; lastKnownFileType = sourcecode.c.objc; path = "UINavigationBar+Awesome.m"; sourceTree = SOURCE_ROOT; };
		4AD21B0E1BA0355000B4BDDC /* WWBaseNavigationViewController.h */ = {isa = PBXFileReference; fileEncoding = 4; lastKnownFileType = sourcecode.c.h; path = WWBaseNavigationViewController.h; sourceTree = SOURCE_ROOT; };
		4AD21B0F1BA0355000B4BDDC /* WWBaseNavigationViewController.m */ = {isa = PBXFileReference; fileEncoding = 4; lastKnownFileType = sourcecode.c.objc; path = WWBaseNavigationViewController.m; sourceTree = SOURCE_ROOT; };
		4AD21B111BA0358400B4BDDC /* WWBaseViewController.h */ = {isa = PBXFileReference; fileEncoding = 4; lastKnownFileType = sourcecode.c.h; path = WWBaseViewController.h; sourceTree = SOURCE_ROOT; };
		4AD21B121BA0358400B4BDDC /* WWBaseViewController.m */ = {isa = PBXFileReference; fileEncoding = 4; lastKnownFileType = sourcecode.c.objc; path = WWBaseViewController.m; sourceTree = SOURCE_ROOT; };
		4AD21B1A1BA0396000B4BDDC /* UIViewController+AOP.h */ = {isa = PBXFileReference; fileEncoding = 4; lastKnownFileType = sourcecode.c.h; path = "UIViewController+AOP.h"; sourceTree = SOURCE_ROOT; };
		4AD21B1B1BA0396000B4BDDC /* UIViewController+AOP.m */ = {isa = PBXFileReference; fileEncoding = 4; lastKnownFileType = sourcecode.c.objc; path = "UIViewController+AOP.m"; sourceTree = SOURCE_ROOT; };
		A6C987F689ADBC2139F30DDD /* Pods.debug.xcconfig */ = {isa = PBXFileReference; includeInIndex = 1; lastKnownFileType = text.xcconfig; name = Pods.debug.xcconfig; path = "Pods/Target Support Files/Pods/Pods.debug.xcconfig"; sourceTree = "<group>"; };
		BD267E1E565205A652CB897F /* Pods.release.xcconfig */ = {isa = PBXFileReference; includeInIndex = 1; lastKnownFileType = text.xcconfig; name = Pods.release.xcconfig; path = "Pods/Target Support Files/Pods/Pods.release.xcconfig"; sourceTree = "<group>"; };
/* End PBXFileReference section */

/* Begin PBXFrameworksBuildPhase section */
		4AD21AB21BA01A3C00B4BDDC /* Frameworks */ = {
			isa = PBXFrameworksBuildPhase;
			buildActionMask = 2147483647;
			files = (
				4A40E0431BCCA10400E12DD9 /* libsqlite3.tbd in Frameworks */,
				4A40DDE81BCA64B200E12DD9 /* CoreTelephony.framework in Frameworks */,
				4A3CD1EA1BBE311C004DD167 /* libWeChatSDK.a in Frameworks */,
			);
			runOnlyForDeploymentPostprocessing = 0;
		};
		4AD21ACB1BA01A3C00B4BDDC /* Frameworks */ = {
			isa = PBXFrameworksBuildPhase;
			buildActionMask = 2147483647;
			files = (
			);
			runOnlyForDeploymentPostprocessing = 0;
		};
/* End PBXFrameworksBuildPhase section */

/* Begin PBXGroup section */
		46D3FF3C1BCBFB350091AF67 /* WebRequest */ = {
			isa = PBXGroup;
			children = (
				46D3FF3E1BCBFB630091AF67 /* HTTPClient.h */,
				46D3FF3F1BCBFB630091AF67 /* HTTPClient.m */,
				46D3FF401BCBFB630091AF67 /* HTTPClient+Other.h */,
				46D3FF411BCBFB630091AF67 /* HTTPClient+Other.m */,
				46D3FF421BCBFB630091AF67 /* WebAPIDefine.h */,
				46D3FF431BCBFB630091AF67 /* WebAPIResponse.h */,
				46D3FF441BCBFB630091AF67 /* WebAPIResponse.m */,
			);
			name = WebRequest;
			sourceTree = "<group>";
		};
		46D3FF3D1BCBFB400091AF67 /* AFNetworkingFiles */ = {
			isa = PBXGroup;
			children = (
				46D3FF481BCBFB750091AF67 /* AFHTTPClient.h */,
				46D3FF491BCBFB750091AF67 /* AFHTTPClient.m */,
				46D3FF6B1BCC03DB0091AF67 /* AFHTTPRequestOperation.h */,
				46D3FF6C1BCC03DB0091AF67 /* AFHTTPRequestOperation.m */,
				46D3FF6D1BCC03DB0091AF67 /* AFImageRequestOperation.h */,
				46D3FF6E1BCC03DB0091AF67 /* AFImageRequestOperation.m */,
				46D3FF6F1BCC03DB0091AF67 /* AFJSONRequestOperation.h */,
				46D3FF701BCC03DB0091AF67 /* AFJSONRequestOperation.m */,
				46D3FF711BCC03DB0091AF67 /* AFNetworkActivityIndicatorManager.h */,
				46D3FF721BCC03DB0091AF67 /* AFNetworkActivityIndicatorManager.m */,
				46D3FF731BCC03DB0091AF67 /* AFNetworking.h */,
				46D3FF741BCC03DB0091AF67 /* AFPropertyListRequestOperation.h */,
				46D3FF751BCC03DB0091AF67 /* AFPropertyListRequestOperation.m */,
				46D3FF761BCC03DB0091AF67 /* AFURLConnectionOperation.h */,
				46D3FF771BCC03DB0091AF67 /* AFURLConnectionOperation.m */,
				46D3FF781BCC03DB0091AF67 /* AFXMLRequestOperation.h */,
				46D3FF791BCC03DB0091AF67 /* AFXMLRequestOperation.m */,
				46D3FF591BCBFB750091AF67 /* JSONKit.h */,
				46D3FF5A1BCBFB750091AF67 /* JSONKit.m */,
			);
			name = AFNetworkingFiles;
			sourceTree = "<group>";
		};
		46D3FF641BCBFC970091AF67 /* Functions */ = {
			isa = PBXGroup;
			children = (
				46D3FF651BCBFCAC0091AF67 /* FMFunctions.h */,
				46D3FF661BCBFCAC0091AF67 /* FMFunctions.m */,
			);
			name = Functions;
			sourceTree = "<group>";
		};
		4A3CD1E51BBE311C004DD167 /* Wechat */ = {
			isa = PBXGroup;
			children = (
				4A3CD1E61BBE311C004DD167 /* libWeChatSDK.a */,
				4A3CD1E71BBE311C004DD167 /* read_me.txt */,
				4A3CD1E81BBE311C004DD167 /* WXApi.h */,
				4A3CD1E91BBE311C004DD167 /* WXApiObject.h */,
				4A3CD1EC1BBE33A2004DD167 /* lib */,
			);
			path = Wechat;
			sourceTree = SOURCE_ROOT;
		};
		4A3CD1EC1BBE33A2004DD167 /* lib */ = {
			isa = PBXGroup;
			children = (
				4A3CD1ED1BBE33A2004DD167 /* ApiXml.h */,
				4A3CD1EE1BBE33A2004DD167 /* ApiXml.mm */,
				4A3CD1EF1BBE33A2004DD167 /* payRequsestHandler.h */,
				4A3CD1F01BBE33A2004DD167 /* payRequsestHandler.mm */,
				4A3CD1F11BBE33A2004DD167 /* WXUtil.h */,
				4A3CD1F21BBE33A2004DD167 /* WXUtil.mm */,
			);
			path = lib;
			sourceTree = "<group>";
		};
		4A40DD8B1BCA287900E12DD9 /* Headers */ = {
			isa = PBXGroup;
			children = (
				4A40DD8C1BCA287900E12DD9 /* Private */,
				4A40DDB61BCA287900E12DD9 /* Public */,
			);
			name = Headers;
			path = Pods/Headers;
			sourceTree = "<group>";
		};
		4A40DD8C1BCA287900E12DD9 /* Private */ = {
			isa = PBXGroup;
			children = (
				4A40DD8D1BCA287900E12DD9 /* AFNetworking */,
				4A40DDA11BCA287900E12DD9 /* SDWebImage */,
				4A40DDB11BCA287900E12DD9 /* SVProgressHUD */,
				4A40DDB41BCA287900E12DD9 /* UMengAnalytics */,
			);
			path = Private;
			sourceTree = "<group>";
		};
		4A40DD8D1BCA287900E12DD9 /* AFNetworking */ = {
			isa = PBXGroup;
			children = (
				4A40DD8E1BCA287900E12DD9 /* AFHTTPRequestOperation.h */,
				4A40DD8F1BCA287900E12DD9 /* AFHTTPRequestOperationManager.h */,
				4A40DD901BCA287900E12DD9 /* AFHTTPSessionManager.h */,
				4A40DD911BCA287900E12DD9 /* AFNetworkActivityIndicatorManager.h */,
				4A40DD921BCA287900E12DD9 /* AFNetworking.h */,
				4A40DD931BCA287900E12DD9 /* AFNetworkReachabilityManager.h */,
				4A40DD941BCA287900E12DD9 /* AFSecurityPolicy.h */,
				4A40DD951BCA287900E12DD9 /* AFURLConnectionOperation.h */,
				4A40DD961BCA287900E12DD9 /* AFURLRequestSerialization.h */,
				4A40DD971BCA287900E12DD9 /* AFURLResponseSerialization.h */,
				4A40DD981BCA287900E12DD9 /* AFURLSessionManager.h */,
				4A40DD991BCA287900E12DD9 /* UIActivityIndicatorView+AFNetworking.h */,
				4A40DD9A1BCA287900E12DD9 /* UIAlertView+AFNetworking.h */,
				4A40DD9B1BCA287900E12DD9 /* UIButton+AFNetworking.h */,
				4A40DD9C1BCA287900E12DD9 /* UIImageView+AFNetworking.h */,
				4A40DD9D1BCA287900E12DD9 /* UIKit+AFNetworking.h */,
				4A40DD9E1BCA287900E12DD9 /* UIProgressView+AFNetworking.h */,
				4A40DD9F1BCA287900E12DD9 /* UIRefreshControl+AFNetworking.h */,
				4A40DDA01BCA287900E12DD9 /* UIWebView+AFNetworking.h */,
			);
			path = AFNetworking;
			sourceTree = "<group>";
		};
		4A40DDA11BCA287900E12DD9 /* SDWebImage */ = {
			isa = PBXGroup;
			children = (
				4A40DDA21BCA287900E12DD9 /* NSData+ImageContentType.h */,
				4A40DDA31BCA287900E12DD9 /* SDImageCache.h */,
				4A40DDA41BCA287900E12DD9 /* SDWebImageCompat.h */,
				4A40DDA51BCA287900E12DD9 /* SDWebImageDecoder.h */,
				4A40DDA61BCA287900E12DD9 /* SDWebImageDownloader.h */,
				4A40DDA71BCA287900E12DD9 /* SDWebImageDownloaderOperation.h */,
				4A40DDA81BCA287900E12DD9 /* SDWebImageManager.h */,
				4A40DDA91BCA287900E12DD9 /* SDWebImageOperation.h */,
				4A40DDAA1BCA287900E12DD9 /* SDWebImagePrefetcher.h */,
				4A40DDAB1BCA287900E12DD9 /* UIButton+WebCache.h */,
				4A40DDAC1BCA287900E12DD9 /* UIImage+GIF.h */,
				4A40DDAD1BCA287900E12DD9 /* UIImage+MultiFormat.h */,
				4A40DDAE1BCA287900E12DD9 /* UIImageView+HighlightedWebCache.h */,
				4A40DDAF1BCA287900E12DD9 /* UIImageView+WebCache.h */,
				4A40DDB01BCA287900E12DD9 /* UIView+WebCacheOperation.h */,
			);
			path = SDWebImage;
			sourceTree = "<group>";
		};
		4A40DDB11BCA287900E12DD9 /* SVProgressHUD */ = {
			isa = PBXGroup;
			children = (
				4A40DDB21BCA287900E12DD9 /* SVIndefiniteAnimatedView.h */,
				4A40DDB31BCA287900E12DD9 /* SVProgressHUD.h */,
			);
			path = SVProgressHUD;
			sourceTree = "<group>";
		};
		4A40DDB41BCA287900E12DD9 /* UMengAnalytics */ = {
			isa = PBXGroup;
			children = (
				4A40DDB51BCA287900E12DD9 /* MobClick.h */,
			);
			path = UMengAnalytics;
			sourceTree = "<group>";
		};
		4A40DDB61BCA287900E12DD9 /* Public */ = {
			isa = PBXGroup;
			children = (
				4A40DDB71BCA287900E12DD9 /* AFNetworking */,
				4A40DDCB1BCA287900E12DD9 /* SDWebImage */,
				4A40DDDB1BCA287900E12DD9 /* SVProgressHUD */,
				4A40DDDE1BCA287900E12DD9 /* UMengAnalytics */,
			);
			path = Public;
			sourceTree = "<group>";
		};
		4A40DDB71BCA287900E12DD9 /* AFNetworking */ = {
			isa = PBXGroup;
			children = (
				4A40DDB81BCA287900E12DD9 /* AFHTTPRequestOperation.h */,
				4A40DDB91BCA287900E12DD9 /* AFHTTPRequestOperationManager.h */,
				4A40DDBA1BCA287900E12DD9 /* AFHTTPSessionManager.h */,
				4A40DDBB1BCA287900E12DD9 /* AFNetworkActivityIndicatorManager.h */,
				4A40DDBC1BCA287900E12DD9 /* AFNetworking.h */,
				4A40DDBD1BCA287900E12DD9 /* AFNetworkReachabilityManager.h */,
				4A40DDBE1BCA287900E12DD9 /* AFSecurityPolicy.h */,
				4A40DDBF1BCA287900E12DD9 /* AFURLConnectionOperation.h */,
				4A40DDC01BCA287900E12DD9 /* AFURLRequestSerialization.h */,
				4A40DDC11BCA287900E12DD9 /* AFURLResponseSerialization.h */,
				4A40DDC21BCA287900E12DD9 /* AFURLSessionManager.h */,
				4A40DDC31BCA287900E12DD9 /* UIActivityIndicatorView+AFNetworking.h */,
				4A40DDC41BCA287900E12DD9 /* UIAlertView+AFNetworking.h */,
				4A40DDC51BCA287900E12DD9 /* UIButton+AFNetworking.h */,
				4A40DDC61BCA287900E12DD9 /* UIImageView+AFNetworking.h */,
				4A40DDC71BCA287900E12DD9 /* UIKit+AFNetworking.h */,
				4A40DDC81BCA287900E12DD9 /* UIProgressView+AFNetworking.h */,
				4A40DDC91BCA287900E12DD9 /* UIRefreshControl+AFNetworking.h */,
				4A40DDCA1BCA287900E12DD9 /* UIWebView+AFNetworking.h */,
			);
			path = AFNetworking;
			sourceTree = "<group>";
		};
		4A40DDCB1BCA287900E12DD9 /* SDWebImage */ = {
			isa = PBXGroup;
			children = (
				4A40DDCC1BCA287900E12DD9 /* NSData+ImageContentType.h */,
				4A40DDCD1BCA287900E12DD9 /* SDImageCache.h */,
				4A40DDCE1BCA287900E12DD9 /* SDWebImageCompat.h */,
				4A40DDCF1BCA287900E12DD9 /* SDWebImageDecoder.h */,
				4A40DDD01BCA287900E12DD9 /* SDWebImageDownloader.h */,
				4A40DDD11BCA287900E12DD9 /* SDWebImageDownloaderOperation.h */,
				4A40DDD21BCA287900E12DD9 /* SDWebImageManager.h */,
				4A40DDD31BCA287900E12DD9 /* SDWebImageOperation.h */,
				4A40DDD41BCA287900E12DD9 /* SDWebImagePrefetcher.h */,
				4A40DDD51BCA287900E12DD9 /* UIButton+WebCache.h */,
				4A40DDD61BCA287900E12DD9 /* UIImage+GIF.h */,
				4A40DDD71BCA287900E12DD9 /* UIImage+MultiFormat.h */,
				4A40DDD81BCA287900E12DD9 /* UIImageView+HighlightedWebCache.h */,
				4A40DDD91BCA287900E12DD9 /* UIImageView+WebCache.h */,
				4A40DDDA1BCA287900E12DD9 /* UIView+WebCacheOperation.h */,
			);
			path = SDWebImage;
			sourceTree = "<group>";
		};
		4A40DDDB1BCA287900E12DD9 /* SVProgressHUD */ = {
			isa = PBXGroup;
			children = (
				4A40DDDC1BCA287900E12DD9 /* SVIndefiniteAnimatedView.h */,
				4A40DDDD1BCA287900E12DD9 /* SVProgressHUD.h */,
			);
			path = SVProgressHUD;
			sourceTree = "<group>";
		};
		4A40DDDE1BCA287900E12DD9 /* UMengAnalytics */ = {
			isa = PBXGroup;
			children = (
				4A40DDDF1BCA287900E12DD9 /* MobClick.h */,
			);
			path = UMengAnalytics;
			sourceTree = "<group>";
		};
		4A40DDE91BCA86C800E12DD9 /* 公共 */ = {
			isa = PBXGroup;
			children = (
				4A40DDEA1BCA86F100E12DD9 /* WWPublicNavtionBar.h */,
				4A40DDEB1BCA86F100E12DD9 /* WWPublicNavtionBar.m */,
			);
			name = "公共";
			sourceTree = "<group>";
		};
		4A40DDED1BCA895C00E12DD9 /* 9_22切图 */ = {
			isa = PBXGroup;
			children = (
				4A40DDEE1BCA895C00E12DD9 /* bg_grzx@2x.png */,
				4A40DDEF1BCA895C00E12DD9 /* bg_grzx@3x.png */,
				4A40DDF01BCA895C00E12DD9 /* btn_gb_n@2x.png */,
				4A40DDF11BCA895C00E12DD9 /* btn_gb_n@3x.png */,
				4A40DDF21BCA895C00E12DD9 /* btn_sz_n@2x.png */,
				4A40DDF31BCA895C00E12DD9 /* btn_sz_n@3x.png */,
				4A40DDF41BCA895C00E12DD9 /* icon_dd@2x.png */,
				4A40DDF51BCA895C00E12DD9 /* icon_dd@3x.png */,
				4A40DDF61BCA895C00E12DD9 /* icon_dh@2x.png */,
				4A40DDF71BCA895C00E12DD9 /* icon_dh@3x.png */,
				4A40DDF81BCA895C00E12DD9 /* icon_logo@2x.png */,
				4A40DDF91BCA895C00E12DD9 /* icon_logo@3x.png */,
				4A40DDFA1BCA895C00E12DD9 /* icon_sc@2x.png */,
				4A40DDFB1BCA895C00E12DD9 /* icon_sc@3x.png */,
				4A40DDFC1BCA895C00E12DD9 /* icon_xttz@2x.png */,
				4A40DDFD1BCA895C00E12DD9 /* icon_xttz@3x.png */,
				4A40DDFE1BCA895C00E12DD9 /* icon_ygh@2x.png */,
				4A40DDFF1BCA895C00E12DD9 /* icon_ygh@3x.png */,
				4A40DE001BCA895C00E12DD9 /* icon_yjfk@2x.png */,
				4A40DE011BCA895C00E12DD9 /* icon_yjfk@3x.png */,
				4A40DE021BCA895C00E12DD9 /* img_ftx@2x.png */,
				4A40DE031BCA895C00E12DD9 /* img_ftx@3x.png */,
				4A40DE041BCA895C00E12DD9 /* img_tx@2x.png */,
				4A40DE051BCA895C00E12DD9 /* img_tx@3x.png */,
				4A40DE061BCA895C00E12DD9 /* ios icon */,
			);
			path = "9_22切图";
			sourceTree = SOURCE_ROOT;
		};
		4A40DE061BCA895C00E12DD9 /* ios icon */ = {
			isa = PBXGroup;
			children = (
				4A40DE071BCA895C00E12DD9 /* carplay */,
				4A40DE091BCA895C00E12DD9 /* ipad */,
				4A40DE141BCA895C00E12DD9 /* iphone */,
				4A40DE1D1BCA895C00E12DD9 /* itunes */,
				4A40DE1F1BCA895C00E12DD9 /* logo-1024.png */,
			);
			path = "ios icon";
			sourceTree = "<group>";
		};
		4A40DE071BCA895C00E12DD9 /* carplay */ = {
			isa = PBXGroup;
			children = (
				4A40DE081BCA895C00E12DD9 /* logo-120.png */,
			);
			path = carplay;
			sourceTree = "<group>";
		};
		4A40DE091BCA895C00E12DD9 /* ipad */ = {
			isa = PBXGroup;
			children = (
				4A40DE0A1BCA895C00E12DD9 /* logo-100.png */,
				4A40DE0B1BCA895C00E12DD9 /* logo-144.png */,
				4A40DE0C1BCA895C00E12DD9 /* logo-152.png */,
				4A40DE0D1BCA895C00E12DD9 /* logo-29.png */,
				4A40DE0E1BCA895C00E12DD9 /* logo-40.png */,
				4A40DE0F1BCA895C00E12DD9 /* logo-50.png */,
				4A40DE101BCA895C00E12DD9 /* logo-58.png */,
				4A40DE111BCA895C00E12DD9 /* logo-72.png */,
				4A40DE121BCA895C00E12DD9 /* logo-76.png */,
				4A40DE131BCA895C00E12DD9 /* logo-80.png */,
			);
			path = ipad;
			sourceTree = "<group>";
		};
		4A40DE141BCA895C00E12DD9 /* iphone */ = {
			isa = PBXGroup;
			children = (
				4A40DE151BCA895C00E12DD9 /* logo-114.png */,
				4A40DE161BCA895C00E12DD9 /* logo-120.png */,
				4A40DE171BCA895C00E12DD9 /* logo-180.png */,
				4A40DE181BCA895C00E12DD9 /* logo-29.png */,
				4A40DE191BCA895C00E12DD9 /* logo-57.png */,
				4A40DE1A1BCA895C00E12DD9 /* logo-58.png */,
				4A40DE1B1BCA895C00E12DD9 /* logo-80.png */,
				4A40DE1C1BCA895C00E12DD9 /* logo-87.png */,
			);
			path = iphone;
			sourceTree = "<group>";
		};
		4A40DE1D1BCA895C00E12DD9 /* itunes */ = {
			isa = PBXGroup;
			children = (
				4A40DE1E1BCA895C00E12DD9 /* logo-512.png */,
			);
			path = itunes;
			sourceTree = "<group>";
		};
		4A40DE4D1BCA8C4200E12DD9 /* 9_23切图 */ = {
			isa = PBXGroup;
			children = (
				4A40DE4E1BCA8C4200E12DD9 /* btn_zksq@2x.png */,
				4A40DE4F1BCA8C4200E12DD9 /* btn_zksq@3x.png */,
			);
			path = "9_23切图";
			sourceTree = SOURCE_ROOT;
		};
		4A40DE521BCA921800E12DD9 /* CycleScrollView */ = {
			isa = PBXGroup;
			children = (
				4A40DE531BCA921800E12DD9 /* CycleScrollView.h */,
				4A40DE541BCA921800E12DD9 /* CycleScrollView.m */,
				4A40DE551BCA921800E12DD9 /* MCPagerView.h */,
				4A40DE561BCA921800E12DD9 /* MCPagerView.m */,
				4A40DE571BCA921800E12DD9 /* NSTimer+Addition.h */,
				4A40DE581BCA921800E12DD9 /* NSTimer+Addition.m */,
			);
			path = CycleScrollView;
			sourceTree = SOURCE_ROOT;
		};
		4A5EC2671BBCD73600930162 /* Vendor */ = {
			isa = PBXGroup;
			children = (
				46D3FF641BCBFC970091AF67 /* Functions */,
				4A40DE521BCA921800E12DD9 /* CycleScrollView */,
				4A3CD1E51BBE311C004DD167 /* Wechat */,
			);
			name = Vendor;
			sourceTree = "<group>";
		};
		4AD21AAC1BA01A3C00B4BDDC = {
			isa = PBXGroup;
			children = (
				4A3CD1F61BC8B1C0004DD167 /* Default-568h@2x.png */,
				4AD21AB71BA01A3C00B4BDDC /* WWSampleProject */,
				4AD21AB61BA01A3C00B4BDDC /* Products */,
				F5E408A87949C129CDFDA1FF /* Pods */,
				A7DEF0AA4559BAEC0D704C30 /* Frameworks */,
			);
			sourceTree = "<group>";
		};
		4AD21AB61BA01A3C00B4BDDC /* Products */ = {
			isa = PBXGroup;
			children = (
				4AD21AB51BA01A3C00B4BDDC /* WWSampleProject.app */,
				4AD21ACE1BA01A3C00B4BDDC /* WWSampleProjectTests.xctest */,
			);
			name = Products;
			sourceTree = "<group>";
		};
		4AD21AB71BA01A3C00B4BDDC /* WWSampleProject */ = {
			isa = PBXGroup;
			children = (
				4AD21ADF1BA01C9400B4BDDC /* SourceCode */,
				4AD21ADE1BA01C8B00B4BDDC /* Resource */,
				4AD21AB81BA01A3C00B4BDDC /* Supporting Files */,
			);
			path = WWSampleProject;
			sourceTree = "<group>";
		};
		4AD21AB81BA01A3C00B4BDDC /* Supporting Files */ = {
			isa = PBXGroup;
			children = (
				4AD21AE11BA0250100B4BDDC /* Base.lproj */,
				4AD21AE41BA0250100B4BDDC /* Images.xcassets */,
				4AD21AE61BA0250100B4BDDC /* main.m */,
				4AD21B041BA02EB400B4BDDC /* WWProject.pch */,
				4AD21B011BA02A9200B4BDDC /* Info.plist */,
			);
			name = "Supporting Files";
			sourceTree = "<group>";
		};
		4AD21ADE1BA01C8B00B4BDDC /* Resource */ = {
			isa = PBXGroup;
			children = (
				4A40E0441BCCA52300E12DD9 /* PBMsg@2x.png */,
				4A40E0451BCCA52300E12DD9 /* PBMsg@3x.png */,
				4A40DE4D1BCA8C4200E12DD9 /* 9_23切图 */,
				4A40DDED1BCA895C00E12DD9 /* 9_22切图 */,
			);
			name = Resource;
			sourceTree = "<group>";
		};
		4AD21ADF1BA01C9400B4BDDC /* SourceCode */ = {
			isa = PBXGroup;
			children = (
				4A5EC2671BBCD73600930162 /* Vendor */,
				4AD21AE01BA01CA900B4BDDC /* Application */,
				4AD21AF81BA0272D00B4BDDC /* Categories */,
				4AD21AF71BA0272500B4BDDC /* Utils */,
				4AD21AF61BA0271D00B4BDDC /* Database */,
				4AD21AF51BA0271100B4BDDC /* NetWork */,
				4AD21AF41BA0270B00B4BDDC /* Storage */,
				4AD21AF31BA025EA00B4BDDC /* Base */,
				4AD21AEB1BA0254500B4BDDC /* FunctionalModule */,
			);
			name = SourceCode;
			sourceTree = "<group>";
		};
		4AD21AE01BA01CA900B4BDDC /* Application */ = {
			isa = PBXGroup;
			children = (
				4AD21AFA1BA028B700B4BDDC /* AppDelegate.h */,
				4AD21AFB1BA028B700B4BDDC /* AppDelegate.mm */,
			);
			name = Application;
			sourceTree = "<group>";
		};
		4AD21AE11BA0250100B4BDDC /* Base.lproj */ = {
			isa = PBXGroup;
			children = (
				4AD21AE21BA0250100B4BDDC /* LaunchScreen.xib */,
			);
			name = Base.lproj;
			path = SupportFiles/Base.lproj;
			sourceTree = SOURCE_ROOT;
		};
		4AD21AEB1BA0254500B4BDDC /* FunctionalModule */ = {
			isa = PBXGroup;
			children = (
				4A40DDE91BCA86C800E12DD9 /* 公共 */,
				4AD21AEC1BA0256600B4BDDC /* 首页 */,
			);
			name = FunctionalModule;
			sourceTree = "<group>";
		};
		4AD21AEC1BA0256600B4BDDC /* 首页 */ = {
			isa = PBXGroup;
			children = (
				4AD21AEF1BA025C900B4BDDC /* Control */,
				4AD21AEE1BA025C400B4BDDC /* View */,
				4AD21AED1BA025B600B4BDDC /* Model */,
			);
			name = "首页";
			sourceTree = "<group>";
		};
		4AD21AED1BA025B600B4BDDC /* Model */ = {
			isa = PBXGroup;
			children = (
			);
			name = Model;
			sourceTree = "<group>";
		};
		4AD21AEE1BA025C400B4BDDC /* View */ = {
			isa = PBXGroup;
			children = (
				4A40DE5C1BCA928E00E12DD9 /* HomePageView.h */,
				4A40DE5D1BCA928E00E12DD9 /* HomePageView.m */,
			);
			name = View;
			sourceTree = "<group>";
		};
		4AD21AEF1BA025C900B4BDDC /* Control */ = {
			isa = PBXGroup;
			children = (
				4AD21AF01BA025DD00B4BDDC /* WWHomePageViewController.h */,
				4AD21AF11BA025DD00B4BDDC /* WWHomePageViewController.m */,
			);
			name = Control;
			sourceTree = "<group>";
		};
		4AD21AF31BA025EA00B4BDDC /* Base */ = {
			isa = PBXGroup;
			children = (
				4AD21B0B1BA033DA00B4BDDC /* UINavigationBar+Awesome.h */,
				4AD21B0C1BA033DB00B4BDDC /* UINavigationBar+Awesome.m */,
				4AD21B0E1BA0355000B4BDDC /* WWBaseNavigationViewController.h */,
				4AD21B0F1BA0355000B4BDDC /* WWBaseNavigationViewController.m */,
				4AD21B111BA0358400B4BDDC /* WWBaseViewController.h */,
				4AD21B121BA0358400B4BDDC /* WWBaseViewController.m */,
			);
			name = Base;
			sourceTree = "<group>";
		};
		4AD21AF41BA0270B00B4BDDC /* Storage */ = {
			isa = PBXGroup;
			children = (
			);
			name = Storage;
			sourceTree = "<group>";
		};
		4AD21AF51BA0271100B4BDDC /* NetWork */ = {
			isa = PBXGroup;
			children = (
				46D3FF3D1BCBFB400091AF67 /* AFNetworkingFiles */,
				46D3FF3C1BCBFB350091AF67 /* WebRequest */,
				4AD21B081BA032B700B4BDDC /* InterfaceClassFile.h */,
				4AD21B091BA032B700B4BDDC /* InterfaceClassFile.m */,
			);
			name = NetWork;
			sourceTree = "<group>";
		};
		4AD21AF61BA0271D00B4BDDC /* Database */ = {
			isa = PBXGroup;
			children = (
			);
			name = Database;
			sourceTree = "<group>";
		};
		4AD21AF71BA0272500B4BDDC /* Utils */ = {
			isa = PBXGroup;
			children = (
				4AD21B031BA02DC500B4BDDC /* WWUrlConfig.h */,
				4AD21B051BA02FB600B4BDDC /* WWUtilityClass.h */,
				4AD21B061BA02FB600B4BDDC /* WWUtilityClass.m */,
			);
			name = Utils;
			sourceTree = "<group>";
		};
		4AD21AF81BA0272D00B4BDDC /* Categories */ = {
			isa = PBXGroup;
			children = (
				4AD21B1A1BA0396000B4BDDC /* UIViewController+AOP.h */,
				4AD21B1B1BA0396000B4BDDC /* UIViewController+AOP.m */,
			);
			name = Categories;
			sourceTree = "<group>";
		};
		A7DEF0AA4559BAEC0D704C30 /* Frameworks */ = {
			isa = PBXGroup;
			children = (
				4A40E0421BCCA10400E12DD9 /* libsqlite3.tbd */,
				4A40DDE71BCA64B200E12DD9 /* CoreTelephony.framework */,
				4A40DDE31BCA5E0C00E12DD9 /* ImageIO.framework */,
				4A40DD8B1BCA287900E12DD9 /* Headers */,
				16AE9000BDCE5CAC294783BF /* libPods.a */,
			);
			name = Frameworks;
			sourceTree = "<group>";
		};
		F5E408A87949C129CDFDA1FF /* Pods */ = {
			isa = PBXGroup;
			children = (
				A6C987F689ADBC2139F30DDD /* Pods.debug.xcconfig */,
				BD267E1E565205A652CB897F /* Pods.release.xcconfig */,
			);
			name = Pods;
			sourceTree = "<group>";
		};
/* End PBXGroup section */

/* Begin PBXNativeTarget section */
		4AD21AB41BA01A3C00B4BDDC /* WWSampleProject */ = {
			isa = PBXNativeTarget;
			buildConfigurationList = 4AD21AD81BA01A3C00B4BDDC /* Build configuration list for PBXNativeTarget "WWSampleProject" */;
			buildPhases = (
				35C1781CD4EBC9ECF26D52C1 /* Check Pods Manifest.lock */,
				4AD21AB11BA01A3C00B4BDDC /* Sources */,
				4AD21AB21BA01A3C00B4BDDC /* Frameworks */,
				4AD21AB31BA01A3C00B4BDDC /* Resources */,
				1898C26BB3DF98471614BBAD /* Copy Pods Resources */,
				AA6E28E1950F53DA48401E2F /* Embed Pods Frameworks */,
			);
			buildRules = (
			);
			dependencies = (
			);
			name = WWSampleProject;
			productName = WWSampleProject;
			productReference = 4AD21AB51BA01A3C00B4BDDC /* WWSampleProject.app */;
			productType = "com.apple.product-type.application";
		};
		4AD21ACD1BA01A3C00B4BDDC /* WWSampleProjectTests */ = {
			isa = PBXNativeTarget;
			buildConfigurationList = 4AD21ADB1BA01A3C00B4BDDC /* Build configuration list for PBXNativeTarget "WWSampleProjectTests" */;
			buildPhases = (
				4AD21ACA1BA01A3C00B4BDDC /* Sources */,
				4AD21ACB1BA01A3C00B4BDDC /* Frameworks */,
				4AD21ACC1BA01A3C00B4BDDC /* Resources */,
			);
			buildRules = (
			);
			dependencies = (
				4AD21AD01BA01A3C00B4BDDC /* PBXTargetDependency */,
			);
			name = WWSampleProjectTests;
			productName = WWSampleProjectTests;
			productReference = 4AD21ACE1BA01A3C00B4BDDC /* WWSampleProjectTests.xctest */;
			productType = "com.apple.product-type.bundle.unit-test";
		};
/* End PBXNativeTarget section */

/* Begin PBXProject section */
		4AD21AAD1BA01A3C00B4BDDC /* Project object */ = {
			isa = PBXProject;
			attributes = {
				LastUpgradeCheck = 0700;
				ORGANIZATIONNAME = "王维";
				TargetAttributes = {
					4AD21AB41BA01A3C00B4BDDC = {
						CreatedOnToolsVersion = 6.4;
					};
					4AD21ACD1BA01A3C00B4BDDC = {
						CreatedOnToolsVersion = 6.4;
					};
				};
			};
			buildConfigurationList = 4AD21AB01BA01A3C00B4BDDC /* Build configuration list for PBXProject "WWSampleProject" */;
			compatibilityVersion = "Xcode 3.2";
			developmentRegion = English;
			hasScannedForEncodings = 0;
			knownRegions = (
				en,
				Base,
			);
			mainGroup = 4AD21AAC1BA01A3C00B4BDDC;
			productRefGroup = 4AD21AB61BA01A3C00B4BDDC /* Products */;
			projectDirPath = "";
			projectRoot = "";
			targets = (
				4AD21AB41BA01A3C00B4BDDC /* WWSampleProject */,
				4AD21ACD1BA01A3C00B4BDDC /* WWSampleProjectTests */,
			);
		};
/* End PBXProject section */

/* Begin PBXResourcesBuildPhase section */
		4AD21AB31BA01A3C00B4BDDC /* Resources */ = {
			isa = PBXResourcesBuildPhase;
			buildActionMask = 2147483647;
			files = (
				4A40DE2D1BCA895C00E12DD9 /* icon_sc@3x.png in Resources */,
				4A40DE381BCA895C00E12DD9 /* logo-120.png in Resources */,
				4A40DE261BCA895C00E12DD9 /* icon_dd@2x.png in Resources */,
				4A40DE331BCA895C00E12DD9 /* icon_yjfk@3x.png in Resources */,
				4A40DE461BCA895C00E12DD9 /* logo-29.png in Resources */,
				4A40DE241BCA895C00E12DD9 /* btn_sz_n@2x.png in Resources */,
				4A40DE221BCA895C00E12DD9 /* btn_gb_n@2x.png in Resources */,
				4A40DE391BCA895C00E12DD9 /* logo-100.png in Resources */,
				4AD21AE71BA0250100B4BDDC /* LaunchScreen.xib in Resources */,
				4A40E0461BCCA52300E12DD9 /* PBMsg@2x.png in Resources */,
				4A40DE341BCA895C00E12DD9 /* img_ftx@2x.png in Resources */,
				4A40DE491BCA895C00E12DD9 /* logo-80.png in Resources */,
				4A40DE271BCA895C00E12DD9 /* icon_dd@3x.png in Resources */,
				4A40DE4A1BCA895C00E12DD9 /* logo-87.png in Resources */,
				4A40DE351BCA895C00E12DD9 /* img_ftx@3x.png in Resources */,
				4A40DE501BCA8C4200E12DD9 /* btn_zksq@2x.png in Resources */,
				4A40DE431BCA895C00E12DD9 /* logo-114.png in Resources */,
				4A40DE401BCA895C00E12DD9 /* logo-72.png in Resources */,
				4A40DE201BCA895C00E12DD9 /* bg_grzx@2x.png in Resources */,
				4A40DE3D1BCA895C00E12DD9 /* logo-40.png in Resources */,
				4A40DE471BCA895C00E12DD9 /* logo-57.png in Resources */,
				4A40DE3E1BCA895C00E12DD9 /* logo-50.png in Resources */,
				4A3CD1EB1BBE311C004DD167 /* read_me.txt in Resources */,
				4A40DE4B1BCA895C00E12DD9 /* logo-512.png in Resources */,
				4A40DE371BCA895C00E12DD9 /* img_tx@3x.png in Resources */,
				4A40DE481BCA895C00E12DD9 /* logo-58.png in Resources */,
				4A40DE411BCA895C00E12DD9 /* logo-76.png in Resources */,
				4A40DE3C1BCA895C00E12DD9 /* logo-29.png in Resources */,
				4A40DE2B1BCA895C00E12DD9 /* icon_logo@3x.png in Resources */,
				4A40DE211BCA895C00E12DD9 /* bg_grzx@3x.png in Resources */,
				4A40DE4C1BCA895C00E12DD9 /* logo-1024.png in Resources */,
				4A40DE291BCA895C00E12DD9 /* icon_dh@3x.png in Resources */,
				4A40DE251BCA895C00E12DD9 /* btn_sz_n@3x.png in Resources */,
				4A40DE451BCA895C00E12DD9 /* logo-180.png in Resources */,
				4A40E0471BCCA52300E12DD9 /* PBMsg@3x.png in Resources */,
				4A40DE301BCA895C00E12DD9 /* icon_ygh@2x.png in Resources */,
				4A40DE2F1BCA895C00E12DD9 /* icon_xttz@3x.png in Resources */,
				4A40DE281BCA895C00E12DD9 /* icon_dh@2x.png in Resources */,
				4A40DE3B1BCA895C00E12DD9 /* logo-152.png in Resources */,
				4A40DE2E1BCA895C00E12DD9 /* icon_xttz@2x.png in Resources */,
				4A40DE321BCA895C00E12DD9 /* icon_yjfk@2x.png in Resources */,
				4A3CD1F71BC8B1C0004DD167 /* Default-568h@2x.png in Resources */,
				4A40DE3A1BCA895C00E12DD9 /* logo-144.png in Resources */,
				4A40DE3F1BCA895C00E12DD9 /* logo-58.png in Resources */,
				4A40DE511BCA8C4200E12DD9 /* btn_zksq@3x.png in Resources */,
				4A40DE421BCA895C00E12DD9 /* logo-80.png in Resources */,
				4A40DE231BCA895C00E12DD9 /* btn_gb_n@3x.png in Resources */,
				4A40DE2C1BCA895C00E12DD9 /* icon_sc@2x.png in Resources */,
				4A40DE441BCA895C00E12DD9 /* logo-120.png in Resources */,
				4A40DE361BCA895C00E12DD9 /* img_tx@2x.png in Resources */,
				4A40DE311BCA895C00E12DD9 /* icon_ygh@3x.png in Resources */,
				4A40DE2A1BCA895C00E12DD9 /* icon_logo@2x.png in Resources */,
				4AD21AE81BA0250100B4BDDC /* Images.xcassets in Resources */,
			);
			runOnlyForDeploymentPostprocessing = 0;
		};
		4AD21ACC1BA01A3C00B4BDDC /* Resources */ = {
			isa = PBXResourcesBuildPhase;
			buildActionMask = 2147483647;
			files = (
			);
			runOnlyForDeploymentPostprocessing = 0;
		};
/* End PBXResourcesBuildPhase section */

/* Begin PBXShellScriptBuildPhase section */
		1898C26BB3DF98471614BBAD /* Copy Pods Resources */ = {
			isa = PBXShellScriptBuildPhase;
			buildActionMask = 2147483647;
			files = (
			);
			inputPaths = (
			);
			name = "Copy Pods Resources";
			outputPaths = (
			);
			runOnlyForDeploymentPostprocessing = 0;
			shellPath = /bin/sh;
			shellScript = "\"${SRCROOT}/Pods/Target Support Files/Pods/Pods-resources.sh\"\n";
			showEnvVarsInLog = 0;
		};
		35C1781CD4EBC9ECF26D52C1 /* Check Pods Manifest.lock */ = {
			isa = PBXShellScriptBuildPhase;
			buildActionMask = 2147483647;
			files = (
			);
			inputPaths = (
			);
			name = "Check Pods Manifest.lock";
			outputPaths = (
			);
			runOnlyForDeploymentPostprocessing = 0;
			shellPath = /bin/sh;
			shellScript = "diff \"${PODS_ROOT}/../Podfile.lock\" \"${PODS_ROOT}/Manifest.lock\" > /dev/null\nif [[ $? != 0 ]] ; then\n    cat << EOM\nerror: The sandbox is not in sync with the Podfile.lock. Run 'pod install' or update your CocoaPods installation.\nEOM\n    exit 1\nfi\n";
			showEnvVarsInLog = 0;
		};
		AA6E28E1950F53DA48401E2F /* Embed Pods Frameworks */ = {
			isa = PBXShellScriptBuildPhase;
			buildActionMask = 2147483647;
			files = (
			);
			inputPaths = (
			);
			name = "Embed Pods Frameworks";
			outputPaths = (
			);
			runOnlyForDeploymentPostprocessing = 0;
			shellPath = /bin/sh;
			shellScript = "\"${SRCROOT}/Pods/Target Support Files/Pods/Pods-frameworks.sh\"\n";
			showEnvVarsInLog = 0;
		};
/* End PBXShellScriptBuildPhase section */

/* Begin PBXSourcesBuildPhase section */
		4AD21AB11BA01A3C00B4BDDC /* Sources */ = {
			isa = PBXSourcesBuildPhase;
			buildActionMask = 2147483647;
			files = (
				46D3FF631BCBFB750091AF67 /* JSONKit.m in Sources */,
				46D3FF461BCBFB630091AF67 /* HTTPClient+Other.m in Sources */,
				4AD21B0A1BA032B700B4BDDC /* InterfaceClassFile.m in Sources */,
				4AD21B131BA0358400B4BDDC /* WWBaseViewController.m in Sources */,
				46D3FF7C1BCC03DB0091AF67 /* AFJSONRequestOperation.m in Sources */,
				46D3FF7F1BCC03DB0091AF67 /* AFURLConnectionOperation.m in Sources */,
				46D3FF451BCBFB630091AF67 /* HTTPClient.m in Sources */,
				4A40DE5E1BCA928E00E12DD9 /* HomePageView.m in Sources */,
				46D3FF5B1BCBFB750091AF67 /* AFHTTPClient.m in Sources */,
				46D3FF7D1BCC03DB0091AF67 /* AFNetworkActivityIndicatorManager.m in Sources */,
				4AD21B0D1BA033DB00B4BDDC /* UINavigationBar+Awesome.m in Sources */,
				46D3FF471BCBFB630091AF67 /* WebAPIResponse.m in Sources */,
				4A40DE5A1BCA921800E12DD9 /* MCPagerView.m in Sources */,
				4AD21AF21BA025DD00B4BDDC /* WWHomePageViewController.m in Sources */,
				46D3FF7B1BCC03DB0091AF67 /* AFImageRequestOperation.m in Sources */,
				4A3CD1F31BBE33A2004DD167 /* ApiXml.mm in Sources */,
				46D3FF801BCC03DB0091AF67 /* AFXMLRequestOperation.m in Sources */,
				46D3FF7A1BCC03DB0091AF67 /* AFHTTPRequestOperation.m in Sources */,
				46D3FF671BCBFCAC0091AF67 /* FMFunctions.m in Sources */,
				4A40DE5B1BCA921800E12DD9 /* NSTimer+Addition.m in Sources */,
				4AD21B101BA0355000B4BDDC /* WWBaseNavigationViewController.m in Sources */,
				4A3CD1F51BBE33A2004DD167 /* WXUtil.mm in Sources */,
				4AD21AEA1BA0250100B4BDDC /* main.m in Sources */,
				4A40DE591BCA921800E12DD9 /* CycleScrollView.m in Sources */,
				46D3FF7E1BCC03DB0091AF67 /* AFPropertyListRequestOperation.m in Sources */,
				4AD21AFC1BA028B700B4BDDC /* AppDelegate.mm in Sources */,
				4A40DDEC1BCA86F100E12DD9 /* WWPublicNavtionBar.m in Sources */,
				4AD21B1C1BA0396000B4BDDC /* UIViewController+AOP.m in Sources */,
				4A3CD1F41BBE33A2004DD167 /* payRequsestHandler.mm in Sources */,
				4AD21B071BA02FB600B4BDDC /* WWUtilityClass.m in Sources */,
			);
			runOnlyForDeploymentPostprocessing = 0;
		};
		4AD21ACA1BA01A3C00B4BDDC /* Sources */ = {
			isa = PBXSourcesBuildPhase;
			buildActionMask = 2147483647;
			files = (
			);
			runOnlyForDeploymentPostprocessing = 0;
		};
/* End PBXSourcesBuildPhase section */

/* Begin PBXTargetDependency section */
		4AD21AD01BA01A3C00B4BDDC /* PBXTargetDependency */ = {
			isa = PBXTargetDependency;
			target = 4AD21AB41BA01A3C00B4BDDC /* WWSampleProject */;
			targetProxy = 4AD21ACF1BA01A3C00B4BDDC /* PBXContainerItemProxy */;
		};
/* End PBXTargetDependency section */

/* Begin PBXVariantGroup section */
		4AD21AE21BA0250100B4BDDC /* LaunchScreen.xib */ = {
			isa = PBXVariantGroup;
			children = (
				4AD21AE31BA0250100B4BDDC /* Base */,
			);
			name = LaunchScreen.xib;
			sourceTree = "<group>";
		};
/* End PBXVariantGroup section */

/* Begin XCBuildConfiguration section */
		4AD21AD61BA01A3C00B4BDDC /* Debug */ = {
			isa = XCBuildConfiguration;
			buildSettings = {
				ALWAYS_SEARCH_USER_PATHS = NO;
				CLANG_CXX_LANGUAGE_STANDARD = "gnu++0x";
				CLANG_CXX_LIBRARY = "libc++";
				CLANG_ENABLE_MODULES = YES;
				CLANG_ENABLE_OBJC_ARC = YES;
				CLANG_WARN_BOOL_CONVERSION = YES;
				CLANG_WARN_CONSTANT_CONVERSION = YES;
				CLANG_WARN_DIRECT_OBJC_ISA_USAGE = YES_ERROR;
				CLANG_WARN_EMPTY_BODY = YES;
				CLANG_WARN_ENUM_CONVERSION = YES;
				CLANG_WARN_INT_CONVERSION = YES;
				CLANG_WARN_OBJC_ROOT_CLASS = YES_ERROR;
				CLANG_WARN_UNREACHABLE_CODE = YES;
				CLANG_WARN__DUPLICATE_METHOD_MATCH = YES;
				"CODE_SIGN_IDENTITY[sdk=iphoneos*]" = "iPhone Developer";
				COPY_PHASE_STRIP = NO;
				DEBUG_INFORMATION_FORMAT = "dwarf-with-dsym";
				ENABLE_BITCODE = NO;
				ENABLE_STRICT_OBJC_MSGSEND = YES;
				ENABLE_TESTABILITY = YES;
				GCC_C_LANGUAGE_STANDARD = gnu99;
				GCC_DYNAMIC_NO_PIC = NO;
				GCC_NO_COMMON_BLOCKS = YES;
				GCC_OPTIMIZATION_LEVEL = 0;
				GCC_PREPROCESSOR_DEFINITIONS = (
					"DEBUG=1",
					"$(inherited)",
				);
				GCC_SYMBOLS_PRIVATE_EXTERN = NO;
				GCC_WARN_64_TO_32_BIT_CONVERSION = YES;
				GCC_WARN_ABOUT_RETURN_TYPE = YES_ERROR;
				GCC_WARN_UNDECLARED_SELECTOR = YES;
				GCC_WARN_UNINITIALIZED_AUTOS = YES_AGGRESSIVE;
				GCC_WARN_UNUSED_FUNCTION = YES;
				GCC_WARN_UNUSED_VARIABLE = YES;
				IPHONEOS_DEPLOYMENT_TARGET = 6.0;
				MTL_ENABLE_DEBUG_INFO = YES;
				ONLY_ACTIVE_ARCH = YES;
				SDKROOT = iphoneos;
				TARGETED_DEVICE_FAMILY = "1,2";
			};
			name = Debug;
		};
		4AD21AD71BA01A3C00B4BDDC /* Release */ = {
			isa = XCBuildConfiguration;
			buildSettings = {
				ALWAYS_SEARCH_USER_PATHS = NO;
				CLANG_CXX_LANGUAGE_STANDARD = "gnu++0x";
				CLANG_CXX_LIBRARY = "libc++";
				CLANG_ENABLE_MODULES = YES;
				CLANG_ENABLE_OBJC_ARC = YES;
				CLANG_WARN_BOOL_CONVERSION = YES;
				CLANG_WARN_CONSTANT_CONVERSION = YES;
				CLANG_WARN_DIRECT_OBJC_ISA_USAGE = YES_ERROR;
				CLANG_WARN_EMPTY_BODY = YES;
				CLANG_WARN_ENUM_CONVERSION = YES;
				CLANG_WARN_INT_CONVERSION = YES;
				CLANG_WARN_OBJC_ROOT_CLASS = YES_ERROR;
				CLANG_WARN_UNREACHABLE_CODE = YES;
				CLANG_WARN__DUPLICATE_METHOD_MATCH = YES;
				"CODE_SIGN_IDENTITY[sdk=iphoneos*]" = "iPhone Developer";
				COPY_PHASE_STRIP = NO;
				DEBUG_INFORMATION_FORMAT = "dwarf-with-dsym";
				ENABLE_BITCODE = NO;
				ENABLE_NS_ASSERTIONS = NO;
				ENABLE_STRICT_OBJC_MSGSEND = YES;
				GCC_C_LANGUAGE_STANDARD = gnu99;
				GCC_NO_COMMON_BLOCKS = YES;
				GCC_WARN_64_TO_32_BIT_CONVERSION = YES;
				GCC_WARN_ABOUT_RETURN_TYPE = YES_ERROR;
				GCC_WARN_UNDECLARED_SELECTOR = YES;
				GCC_WARN_UNINITIALIZED_AUTOS = YES_AGGRESSIVE;
				GCC_WARN_UNUSED_FUNCTION = YES;
				GCC_WARN_UNUSED_VARIABLE = YES;
				IPHONEOS_DEPLOYMENT_TARGET = 6.0;
				MTL_ENABLE_DEBUG_INFO = NO;
				SDKROOT = iphoneos;
				TARGETED_DEVICE_FAMILY = "1,2";
				VALIDATE_PRODUCT = YES;
			};
			name = Release;
		};
		4AD21AD91BA01A3C00B4BDDC /* Debug */ = {
			isa = XCBuildConfiguration;
			baseConfigurationReference = A6C987F689ADBC2139F30DDD /* Pods.debug.xcconfig */;
			buildSettings = {
				ARCHS = (
					armv7,
					armv7s,
				);
				ASSETCATALOG_COMPILER_APPICON_NAME = AppIcon;
				CODE_SIGN_IDENTITY = "iPhone Developer";
				GCC_PREFIX_HEADER = WWProject.pch;
				INFOPLIST_FILE = Info.plist;
				IPHONEOS_DEPLOYMENT_TARGET = 6.1;
				LD_RUNPATH_SEARCH_PATHS = "$(inherited) @executable_path/Frameworks";
				LIBRARY_SEARCH_PATHS = (
					"$(inherited)",
					"$(PROJECT_DIR)",
					"$(PROJECT_DIR)/Wechat",
					"$(PROJECT_DIR)/build/Debug-iphoneos",
				);
				ONLY_ACTIVE_ARCH = YES;
				OTHER_LDFLAGS = (
					"$(inherited)",
					"-ObjC",
					"-l\"MobClickLibrary\"",
					"-l\"SVProgressHUD\"",
					"-l\"z\"",
					"-framework",
					"\"CoreGraphics\"",
					"-framework",
					"\"ImageIO\"",
					"-framework",
					"\"MobileCoreServices\"",
					"-framework",
					"\"QuartzCore\"",
					"-framework",
					"\"Security\"",
					"-framework",
					"\"SystemConfiguration\"",
					"-l\"SDWebImage\"",
				);
				PRODUCT_BUNDLE_IDENTIFIER = "TheSampleProjectToFriend.$(PRODUCT_NAME:rfc1034identifier)";
				PRODUCT_NAME = "$(TARGET_NAME)";
			};
			name = Debug;
		};
		4AD21ADA1BA01A3C00B4BDDC /* Release */ = {
			isa = XCBuildConfiguration;
			baseConfigurationReference = BD267E1E565205A652CB897F /* Pods.release.xcconfig */;
			buildSettings = {
				ARCHS = (
					armv7,
					armv7s,
				);
				ASSETCATALOG_COMPILER_APPICON_NAME = AppIcon;
				CODE_SIGN_IDENTITY = "iPhone Developer";
				GCC_PREFIX_HEADER = WWProject.pch;
				INFOPLIST_FILE = Info.plist;
				IPHONEOS_DEPLOYMENT_TARGET = 6.1;
				LD_RUNPATH_SEARCH_PATHS = "$(inherited) @executable_path/Frameworks";
				LIBRARY_SEARCH_PATHS = (
					"$(inherited)",
					"$(PROJECT_DIR)",
					"$(PROJECT_DIR)/Wechat",
					"$(PROJECT_DIR)/build/Debug-iphoneos",
				);
				ONLY_ACTIVE_ARCH = YES;
				OTHER_LDFLAGS = (
					"$(inherited)",
					"-ObjC",
					"-l\"MobClickLibrary\"",
					"-l\"SVProgressHUD\"",
					"-l\"z\"",
					"-framework",
					"\"CoreGraphics\"",
					"-framework",
					"\"ImageIO\"",
					"-framework",
					"\"MobileCoreServices\"",
					"-framework",
					"\"QuartzCore\"",
					"-framework",
					"\"Security\"",
					"-framework",
					"\"SystemConfiguration\"",
					"-l\"SDWebImage\"",
				);
				PRODUCT_BUNDLE_IDENTIFIER = "TheSampleProjectToFriend.$(PRODUCT_NAME:rfc1034identifier)";
				PRODUCT_NAME = "$(TARGET_NAME)";
			};
			name = Release;
		};
		4AD21ADC1BA01A3C00B4BDDC /* Debug */ = {
			isa = XCBuildConfiguration;
			buildSettings = {
				FRAMEWORK_SEARCH_PATHS = (
					"$(SDKROOT)/Developer/Library/Frameworks",
					"$(inherited)",
				);
				GCC_PREPROCESSOR_DEFINITIONS = (
					"DEBUG=1",
					"$(inherited)",
				);
				INFOPLIST_FILE = "";
				LD_RUNPATH_SEARCH_PATHS = "$(inherited) @executable_path/Frameworks @loader_path/Frameworks";
				PRODUCT_NAME = "$(TARGET_NAME)";
			};
			name = Debug;
		};
		4AD21ADD1BA01A3C00B4BDDC /* Release */ = {
			isa = XCBuildConfiguration;
			buildSettings = {
				FRAMEWORK_SEARCH_PATHS = (
					"$(SDKROOT)/Developer/Library/Frameworks",
					"$(inherited)",
				);
				INFOPLIST_FILE = "";
				LD_RUNPATH_SEARCH_PATHS = "$(inherited) @executable_path/Frameworks @loader_path/Frameworks";
				PRODUCT_NAME = "$(TARGET_NAME)";
			};
			name = Release;
		};
/* End XCBuildConfiguration section */

/* Begin XCConfigurationList section */
		4AD21AB01BA01A3C00B4BDDC /* Build configuration list for PBXProject "WWSampleProject" */ = {
			isa = XCConfigurationList;
			buildConfigurations = (
				4AD21AD61BA01A3C00B4BDDC /* Debug */,
				4AD21AD71BA01A3C00B4BDDC /* Release */,
			);
			defaultConfigurationIsVisible = 0;
			defaultConfigurationName = Release;
		};
		4AD21AD81BA01A3C00B4BDDC /* Build configuration list for PBXNativeTarget "WWSampleProject" */ = {
			isa = XCConfigurationList;
			buildConfigurations = (
				4AD21AD91BA01A3C00B4BDDC /* Debug */,
				4AD21ADA1BA01A3C00B4BDDC /* Release */,
			);
			defaultConfigurationIsVisible = 0;
			defaultConfigurationName = Release;
		};
		4AD21ADB1BA01A3C00B4BDDC /* Build configuration list for PBXNativeTarget "WWSampleProjectTests" */ = {
			isa = XCConfigurationList;
			buildConfigurations = (
				4AD21ADC1BA01A3C00B4BDDC /* Debug */,
				4AD21ADD1BA01A3C00B4BDDC /* Release */,
			);
			defaultConfigurationIsVisible = 0;
			defaultConfigurationName = Release;
		};
/* End XCConfigurationList section */
	};
	rootObject = 4AD21AAD1BA01A3C00B4BDDC /* Project object */;
}
